<?xml version="1.0" encoding="utf-8"?>
<Project ToolsVersion="4.0" xmlns="http://schemas.microsoft.com/developer/msbuild/2003">
  <ItemGroup>
    <None Include="WebKitGUIDPostBuild.cmd" />
    <None Include="WebKitGUIDPreBuild.cmd" />
  </ItemGroup>
  <ItemGroup>
    <ClCompile Include="$(ConfigurationBuildDir)\obj\WebKit\Interfaces\WebKit_i.c" />
    <ClCompile Include="$(ConfigurationBuildDir)\obj\WebKit\Interfaces\Accessible2_i.c" />
    <ClCompile Include="$(ConfigurationBuildDir)\obj\WebKit\Interfaces\Accessible2_2_i.c" />
    <ClCompile Include="$(ConfigurationBuildDir)\obj\WebKit\Interfaces\AccessibleApplication_i.c" />
    <ClCompile Include="$(ConfigurationBuildDir)\obj\WebKit\Interfaces\AccessibleRelation_i.c" />
    <ClCompile Include="$(ConfigurationBuildDir)\obj$(PlatformArchitecture)\WebKit\Interfaces\AccessibleEditableText_i.c" />
    <ClCompile Include="$(ConfigurationBuildDir)\obj$(PlatformArchitecture)\WebKit\Interfaces\AccessibleText_i.c" />
    <ClCompile Include="$(ConfigurationBuildDir)\obj$(PlatformArchitecture)\WebKit\Interfaces\AccessibleText2_i.c" />
  </ItemGroup>
</Project>