
Microsoft Visual Studio Solution File, Format Version 11.00
# Visual Studio 2010
Project("{888888A0-9F3D-457C-B088-3A5042F75D52}") = "webkitpy", "webkitpy.pyproj", "{59B0A791-93FE-40F8-A52B-BA19B73E8FA6}"
EndProject
Global
	GlobalSection(SolutionConfigurationPlatforms) = preSolution
		Debug|Any CPU = Debug|Any CPU
		Release|Any CPU = Release|Any CPU
	EndGlobalSection
	GlobalSection(ProjectConfigurationPlatforms) = postSolution
		{59B0A791-93FE-40F8-A52B-BA19B73E8FA6}.Debug|Any CPU.ActiveCfg = Debug|Any CPU
		{59B0A791-93FE-40F8-A52B-BA19B73E8FA6}.Release|Any CPU.ActiveCfg = Release|Any CPU
	EndGlobalSection
	GlobalSection(SolutionProperties) = preSolution
		HideSolutionNode = FALSE
	EndGlobalSection
EndGlobal
