// !$*UTF8*$!
{
	archiveVersion = 1;
	classes = {
	};
	objectVersion = 42;
	objects = {

/* Begin PBXBuildFile section */
		5D4DF982097F89FB0083D5E5 /* start.html in Resources */ = {isa = PBXBuildFile; fileRef = 5D4DF981097F89FB0083D5E5 /* start.html */; };
		5D650F3609DB8B370075E9A8 /* WebKitNightlyEnabler.m in Sources */ = {isa = PBXBuildFile; fileRef = 5D650F3509DB8B370075E9A8 /* WebKitNightlyEnabler.m */; };
		5D650F3A09DB8B410075E9A8 /* WebKitNightlyEnabler.dylib in Resources */ = {isa = PBXBuildFile; fileRef = 5D650F3409DB8B280075E9A8 /* WebKitNightlyEnabler.dylib */; };
		5D650F7609DB8CB40075E9A8 /* CoreFoundation.framework in Frameworks */ = {isa = PBXBuildFile; fileRef = 5D650F7509DB8CB40075E9A8 /* CoreFoundation.framework */; };
		5DB70525097B94CD009875EC /* webkit.icns in Resources */ = {isa = PBXBuildFile; fileRef = 5DB70524097B94CD009875EC /* webkit.icns */; };
		8D11072D0486CEB800E47090 /* main.m in Sources */ = {isa = PBXBuildFile; fileRef = 29B97316FDCFA39411CA2CEA /* main.m */; settings = {ATTRIBUTES = (); }; };
		8D11072F0486CEB800E47090 /* Cocoa.framework in Frameworks */ = {isa = PBXBuildFile; fileRef = 1058C7A1FEA54F0111CA2CBB /* Cocoa.framework */; };
/* End PBXBuildFile section */

/* Begin PBXBuildStyle section */
		4A9504CCFFE6A4B311CA0CBA /* Debug */ = {
			isa = PBXBuildStyle;
			buildSettings = {
			};
			name = Debug;
		};
		4A9504CDFFE6A4B311CA0CBA /* Release */ = {
			isa = PBXBuildStyle;
			buildSettings = {
			};
			name = Release;
		};
/* End PBXBuildStyle section */

/* Begin PBXContainerItemProxy section */
		5D650F4409DB8B830075E9A8 /* PBXContainerItemProxy */ = {
			isa = PBXContainerItemProxy;
			containerPortal = 29B97313FDCFA39411CA2CEA /* Project object */;
			proxyType = 1;
			remoteGlobalIDString = 5D650F3309DB8B280075E9A8;
			remoteInfo = WebKitNightlyEnabler;
		};
/* End PBXContainerItemProxy section */

/* Begin PBXFileReference section */
		1058C7A1FEA54F0111CA2CBB /* Cocoa.framework */ = {isa = PBXFileReference; lastKnownFileType = wrapper.framework; name = Cocoa.framework; path = /System/Library/Frameworks/Cocoa.framework; sourceTree = "<absolute>"; };
		13E42FB307B3F0F600E4EEF1 /* CoreData.framework */ = {isa = PBXFileReference; lastKnownFileType = wrapper.framework; name = CoreData.framework; path = /System/Library/Frameworks/CoreData.framework; sourceTree = "<absolute>"; };
		29B97316FDCFA39411CA2CEA /* main.m */ = {isa = PBXFileReference; fileEncoding = 4; lastKnownFileType = sourcecode.c.objc; path = main.m; sourceTree = "<group>"; };
		29B97324FDCFA39411CA2CEA /* AppKit.framework */ = {isa = PBXFileReference; lastKnownFileType = wrapper.framework; name = AppKit.framework; path = /System/Library/Frameworks/AppKit.framework; sourceTree = "<absolute>"; };
		29B97325FDCFA39411CA2CEA /* Foundation.framework */ = {isa = PBXFileReference; lastKnownFileType = wrapper.framework; name = Foundation.framework; path = /System/Library/Frameworks/Foundation.framework; sourceTree = "<absolute>"; };
		5D4DF981097F89FB0083D5E5 /* start.html */ = {isa = PBXFileReference; fileEncoding = 30; lastKnownFileType = text.html; path = start.html; sourceTree = "<group>"; };
		5D650F3409DB8B280075E9A8 /* WebKitNightlyEnabler.dylib */ = {isa = PBXFileReference; explicitFileType = "compiled.mach-o.dylib"; includeInIndex = 0; path = WebKitNightlyEnabler.dylib; sourceTree = BUILT_PRODUCTS_DIR; };
		5D650F3509DB8B370075E9A8 /* WebKitNightlyEnabler.m */ = {isa = PBXFileReference; fileEncoding = 30; lastKnownFileType = sourcecode.c.objc; path = WebKitNightlyEnabler.m; sourceTree = "<group>"; };
		5D650F7509DB8CB40075E9A8 /* CoreFoundation.framework */ = {isa = PBXFileReference; lastKnownFileType = wrapper.framework; name = CoreFoundation.framework; path = /System/Library/Frameworks/CoreFoundation.framework; sourceTree = "<absolute>"; };
		5DB70524097B94CD009875EC /* webkit.icns */ = {isa = PBXFileReference; lastKnownFileType = image.icns; path = webkit.icns; sourceTree = "<group>"; };
		8D1107310486CEB800E47090 /* Info.plist */ = {isa = PBXFileReference; fileEncoding = 4; lastKnownFileType = text.plist; path = Info.plist; sourceTree = "<group>"; };
		8D1107320486CEB800E47090 /* WebKit.app */ = {isa = PBXFileReference; includeInIndex = 0; lastKnownFileType = wrapper.application; path = WebKit.app; sourceTree = BUILT_PRODUCTS_DIR; };
/* End PBXFileReference section */

/* Begin PBXFrameworksBuildPhase section */
		5D650F3209DB8B280075E9A8 /* Frameworks */ = {
			isa = PBXFrameworksBuildPhase;
			buildActionMask = 2147483647;
			files = (
				5D650F7609DB8CB40075E9A8 /* CoreFoundation.framework in Frameworks */,
			);
			runOnlyForDeploymentPostprocessing = 0;
		};
		8D11072E0486CEB800E47090 /* Frameworks */ = {
			isa = PBXFrameworksBuildPhase;
			buildActionMask = 2147483647;
			files = (
				8D11072F0486CEB800E47090 /* Cocoa.framework in Frameworks */,
			);
			runOnlyForDeploymentPostprocessing = 0;
		};
/* End PBXFrameworksBuildPhase section */

/* Begin PBXGroup section */
		080E96DDFE201D6D7F000001 /* Classes */ = {
			isa = PBXGroup;
			children = (
			);
			name = Classes;
			sourceTree = "<group>";
		};
		1058C7A0FEA54F0111CA2CBB /* Linked Frameworks */ = {
			isa = PBXGroup;
			children = (
				1058C7A1FEA54F0111CA2CBB /* Cocoa.framework */,
			);
			name = "Linked Frameworks";
			sourceTree = "<group>";
		};
		1058C7A2FEA54F0111CA2CBB /* Other Frameworks */ = {
			isa = PBXGroup;
			children = (
				5D650F7509DB8CB40075E9A8 /* CoreFoundation.framework */,
				29B97324FDCFA39411CA2CEA /* AppKit.framework */,
				13E42FB307B3F0F600E4EEF1 /* CoreData.framework */,
				29B97325FDCFA39411CA2CEA /* Foundation.framework */,
			);
			name = "Other Frameworks";
			sourceTree = "<group>";
		};
		19C28FACFE9D520D11CA2CBB /* Products */ = {
			isa = PBXGroup;
			children = (
				8D1107320486CEB800E47090 /* WebKit.app */,
				5D650F3409DB8B280075E9A8 /* WebKitNightlyEnabler.dylib */,
			);
			name = Products;
			sourceTree = "<group>";
		};
		29B97314FDCFA39411CA2CEA /* WebKit */ = {
			isa = PBXGroup;
			children = (
				080E96DDFE201D6D7F000001 /* Classes */,
				29B97315FDCFA39411CA2CEA /* Other Sources */,
				29B97317FDCFA39411CA2CEA /* Resources */,
				29B97323FDCFA39411CA2CEA /* Frameworks */,
				19C28FACFE9D520D11CA2CBB /* Products */,
			);
			name = WebKit;
			sourceTree = "<group>";
		};
		29B97315FDCFA39411CA2CEA /* Other Sources */ = {
			isa = PBXGroup;
			children = (
				5D650F3509DB8B370075E9A8 /* WebKitNightlyEnabler.m */,
				29B97316FDCFA39411CA2CEA /* main.m */,
			);
			name = "Other Sources";
			sourceTree = "<group>";
		};
		29B97317FDCFA39411CA2CEA /* Resources */ = {
			isa = PBXGroup;
			children = (
				5D4DF981097F89FB0083D5E5 /* start.html */,
				5DB70524097B94CD009875EC /* webkit.icns */,
				8D1107310486CEB800E47090 /* Info.plist */,
			);
			name = Resources;
			sourceTree = "<group>";
		};
		29B97323FDCFA39411CA2CEA /* Frameworks */ = {
			isa = PBXGroup;
			children = (
				1058C7A0FEA54F0111CA2CBB /* Linked Frameworks */,
				1058C7A2FEA54F0111CA2CBB /* Other Frameworks */,
			);
			name = Frameworks;
			sourceTree = "<group>";
		};
/* End PBXGroup section */

/* Begin PBXHeadersBuildPhase section */
		5D650F3009DB8B280075E9A8 /* Headers */ = {
			isa = PBXHeadersBuildPhase;
			buildActionMask = 2147483647;
			files = (
			);
			runOnlyForDeploymentPostprocessing = 0;
		};
/* End PBXHeadersBuildPhase section */

/* Begin PBXNativeTarget section */
		5D650F3309DB8B280075E9A8 /* WebKitNightlyEnabler */ = {
			isa = PBXNativeTarget;
			buildConfigurationList = 5D650F3709DB8B370075E9A8 /* Build configuration list for PBXNativeTarget "WebKitNightlyEnabler" */;
			buildPhases = (
				5D650F3009DB8B280075E9A8 /* Headers */,
				5D650F3109DB8B280075E9A8 /* Sources */,
				5D650F3209DB8B280075E9A8 /* Frameworks */,
			);
			buildRules = (
			);
			buildSettings = {
				EXECUTABLE_PREFIX = lib;
				GCC_ENABLE_FIX_AND_CONTINUE = YES;
				GCC_MODEL_TUNING = G5;
				INSTALL_PATH = /usr/local/lib;
				PREBINDING = NO;
				PRODUCT_NAME = WebKitNightlyEnabler;
				ZERO_LINK = YES;
			};
			dependencies = (
			);
			name = WebKitNightlyEnabler;
			productName = WebKitNightlyEnabler;
			productReference = 5D650F3409DB8B280075E9A8 /* WebKitNightlyEnabler.dylib */;
			productType = "com.apple.product-type.library.dynamic";
		};
		8D1107260486CEB800E47090 /* WebKit */ = {
			isa = PBXNativeTarget;
			buildConfigurationList = C01FCF4A08A954540054247B /* Build configuration list for PBXNativeTarget "WebKit" */;
			buildPhases = (
				8D1107290486CEB800E47090 /* Resources */,
				8D11072C0486CEB800E47090 /* Sources */,
				8D11072E0486CEB800E47090 /* Frameworks */,
			);
			buildRules = (
			);
			buildSettings = {
			};
			dependencies = (
				5D650F4509DB8B830075E9A8 /* PBXTargetDependency */,
			);
			name = WebKit;
			productInstallPath = "$(HOME)/Applications";
			productName = WebKit;
			productReference = 8D1107320486CEB800E47090 /* WebKit.app */;
			productType = "com.apple.product-type.application";
		};
/* End PBXNativeTarget section */

/* Begin PBXProject section */
		29B97313FDCFA39411CA2CEA /* Project object */ = {
			isa = PBXProject;
			buildConfigurationList = C01FCF4E08A954540054247B /* Build configuration list for PBXProject "WebKitLauncher" */;
			buildSettings = {
			};
			buildStyles = (
				4A9504CCFFE6A4B311CA0CBA /* Debug */,
				4A9504CDFFE6A4B311CA0CBA /* Release */,
			);
			hasScannedForEncodings = 1;
			mainGroup = 29B97314FDCFA39411CA2CEA /* WebKit */;
			projectDirPath = "";
			targets = (
				8D1107260486CEB800E47090 /* WebKit */,
				5D650F3309DB8B280075E9A8 /* WebKitNightlyEnabler */,
			);
		};
/* End PBXProject section */

/* Begin PBXResourcesBuildPhase section */
		8D1107290486CEB800E47090 /* Resources */ = {
			isa = PBXResourcesBuildPhase;
			buildActionMask = 2147483647;
			files = (
				5D650F3A09DB8B410075E9A8 /* WebKitNightlyEnabler.dylib in Resources */,
				5DB70525097B94CD009875EC /* webkit.icns in Resources */,
				5D4DF982097F89FB0083D5E5 /* start.html in Resources */,
			);
			runOnlyForDeploymentPostprocessing = 0;
		};
/* End PBXResourcesBuildPhase section */

/* Begin PBXSourcesBuildPhase section */
		5D650F3109DB8B280075E9A8 /* Sources */ = {
			isa = PBXSourcesBuildPhase;
			buildActionMask = 2147483647;
			files = (
				5D650F3609DB8B370075E9A8 /* WebKitNightlyEnabler.m in Sources */,
			);
			runOnlyForDeploymentPostprocessing = 0;
		};
		8D11072C0486CEB800E47090 /* Sources */ = {
			isa = PBXSourcesBuildPhase;
			buildActionMask = 2147483647;
			files = (
				8D11072D0486CEB800E47090 /* main.m in Sources */,
			);
			runOnlyForDeploymentPostprocessing = 0;
		};
/* End PBXSourcesBuildPhase section */

/* Begin PBXTargetDependency section */
		5D650F4509DB8B830075E9A8 /* PBXTargetDependency */ = {
			isa = PBXTargetDependency;
			target = 5D650F3309DB8B280075E9A8 /* WebKitNightlyEnabler */;
			targetProxy = 5D650F4409DB8B830075E9A8 /* PBXContainerItemProxy */;
		};
/* End PBXTargetDependency section */

/* Begin XCBuildConfiguration section */
		5D650F3809DB8B370075E9A8 /* Debug */ = {
			isa = XCBuildConfiguration;
			buildSettings = {
				MACOSX_DEPLOYMENT_TARGET_ppc = 10.4;
				PRODUCT_NAME = WebKitNightlyEnabler;
				SDKROOT_ppc = /Developer/SDKs/MacOSX10.4u.sdk;
			};
			name = Debug;
		};
		5D650F3909DB8B370075E9A8 /* Release */ = {
			isa = XCBuildConfiguration;
			buildSettings = {
				MACOSX_DEPLOYMENT_TARGET_ppc = 10.4;
				PRODUCT_NAME = WebKitNightlyEnabler;
				SDKROOT_ppc = /Developer/SDKs/MacOSX10.4u.sdk;
			};
			name = Release;
		};
		C01FCF4B08A954540054247B /* Debug */ = {
			isa = XCBuildConfiguration;
			buildSettings = {
				COPY_PHASE_STRIP = NO;
				GCC_DEBUGGING_SYMBOLS = full;
				GCC_DYNAMIC_NO_PIC = NO;
				GCC_ENABLE_FIX_AND_CONTINUE = YES;
				GCC_MODEL_TUNING = G5;
				GCC_OPTIMIZATION_LEVEL = 0;
				INFOPLIST_FILE = Info.plist;
				INSTALL_PATH = "$(HOME)/Applications";
				PRODUCT_NAME = WebKit;
				WRAPPER_EXTENSION = app;
			};
			name = Debug;
		};
		C01FCF4C08A954540054247B /* Release */ = {
			isa = XCBuildConfiguration;
			buildSettings = {
				DEAD_CODE_STRIPPING = YES;
				DEPLOYMENT_POSTPROCESSING = YES;
				GCC_DEBUGGING_SYMBOLS = full;
				GCC_GENERATE_DEBUGGING_SYMBOLS = NO;
				INFOPLIST_FILE = Info.plist;
				PRODUCT_NAME = WebKit;
				WRAPPER_EXTENSION = app;
			};
			name = Release;
		};
		C01FCF4F08A954540054247B /* Debug */ = {
			isa = XCBuildConfiguration;
			buildSettings = {
				ARCHS = (
					ppc,
					i386,
				);
				GCC_WARN_ABOUT_RETURN_TYPE = YES;
				GCC_WARN_UNUSED_VARIABLE = YES;
				MACOSX_DEPLOYMENT_TARGET = 10.2;
				MACOSX_DEPLOYMENT_TARGET_i386 = 10.4;
				MACOSX_DEPLOYMENT_TARGET_ppc = 10.2;
				PREBINDING = NO;
				SDKROOT_i386 = /Developer/SDKs/MacOSX10.4u.sdk;
				SDKROOT_ppc = /Developer/SDKs/MacOSX10.2.8.sdk;
			};
			name = Debug;
		};
		C01FCF5008A954540054247B /* Release */ = {
			isa = XCBuildConfiguration;
			buildSettings = {
				ARCHS = (
					i386,
					ppc,
				);
				GCC_WARN_ABOUT_RETURN_TYPE = YES;
				GCC_WARN_UNUSED_VARIABLE = YES;
				MACOSX_DEPLOYMENT_TARGET_i386 = 10.4;
				MACOSX_DEPLOYMENT_TARGET_ppc = 10.2;
				PREBINDING = NO;
				SDKROOT_i386 = /Developer/SDKs/MacOSX10.4u.sdk;
				SDKROOT_ppc = /Developer/SDKs/MacOSX10.2.8.sdk;
			};
			name = Release;
		};
/* End XCBuildConfiguration section */

/* Begin XCConfigurationList section */
		5D650F3709DB8B370075E9A8 /* Build configuration list for PBXNativeTarget "WebKitNightlyEnabler" */ = {
			isa = XCConfigurationList;
			buildConfigurations = (
				5D650F3809DB8B370075E9A8 /* Debug */,
				5D650F3909DB8B370075E9A8 /* Release */,
			);
			defaultConfigurationIsVisible = 0;
			defaultConfigurationName = Release;
		};
		C01FCF4A08A954540054247B /* Build configuration list for PBXNativeTarget "WebKit" */ = {
			isa = XCConfigurationList;
			buildConfigurations = (
				C01FCF4B08A954540054247B /* Debug */,
				C01FCF4C08A954540054247B /* Release */,
			);
			defaultConfigurationIsVisible = 0;
			defaultConfigurationName = Release;
		};
		C01FCF4E08A954540054247B /* Build configuration list for PBXProject "WebKitLauncher" */ = {
			isa = XCConfigurationList;
			buildConfigurations = (
				C01FCF4F08A954540054247B /* Debug */,
				C01FCF5008A954540054247B /* Release */,
			);
			defaultConfigurationIsVisible = 0;
			defaultConfigurationName = Release;
		};
/* End XCConfigurationList section */
	};
	rootObject = 29B97313FDCFA39411CA2CEA /* Project object */;
}
