{
    "_meta": {
        "hash": {
            "sha256": "4a3aee9425a3e35a29700f3b3999679eeface78b7fc85812a44f933f0c6146d2"
        },
        "pipfile-spec": 6,
        "requires": {},
        "sources": [
            {
                "name": "pypi",
                "url": "https://pypi.org/simple",
                "verify_ssl": true
            }
        ]
    },
    "default": {
        "buildstream": {
            "editable": true,
            "git": "https://github.com/apache/buildstream",
            "markers": "python_version ~= '3.7'",
            "ref": "88b159dc779ead482a3c2ea05b6400e6441cb299"
        },
        "buildstream-external": {
            "hashes": [
                "sha256:76220ee29ea83f015f49ceadec894bb9971699ea894cdd2f24cd057e1c169f22"
            ],
            "index": "pypi",
            "version": "==0.30.0"
        },
        "certifi": {
            "hashes": [
                "sha256:539cc1d13202e33ca466e88b2807e29f4c13049d6d87031a3c110744495cb082",
                "sha256:92d6037539857d8206b8f6ae472e8b77db8058fec5937a1ef3f54304089edbb9"
            ],
            "markers": "python_version >= '3.6'",
            "version": "==2023.7.22"
        },
        "charset-normalizer": {
            "hashes": [
                "sha256:04e57ab9fbf9607b77f7d057974694b4f6b142da9ed4a199859d9d4d5c63fe96",
                "sha256:09393e1b2a9461950b1c9a45d5fd251dc7c6f228acab64da1c9c0165d9c7765c",
                "sha256:0b87549028f680ca955556e3bd57013ab47474c3124dc069faa0b6545b6c9710",
                "sha256:1000fba1057b92a65daec275aec30586c3de2401ccdcd41f8a5c1e2c87078706",
                "sha256:1249cbbf3d3b04902ff081ffbb33ce3377fa6e4c7356f759f3cd076cc138d020",
                "sha256:1920d4ff15ce893210c1f0c0e9d19bfbecb7983c76b33f046c13a8ffbd570252",
                "sha256:193cbc708ea3aca45e7221ae58f0fd63f933753a9bfb498a3b474878f12caaad",
                "sha256:1a100c6d595a7f316f1b6f01d20815d916e75ff98c27a01ae817439ea7726329",
                "sha256:1f30b48dd7fa1474554b0b0f3fdfdd4c13b5c737a3c6284d3cdc424ec0ffff3a",
                "sha256:203f0c8871d5a7987be20c72442488a0b8cfd0f43b7973771640fc593f56321f",
                "sha256:246de67b99b6851627d945db38147d1b209a899311b1305dd84916f2b88526c6",
                "sha256:2dee8e57f052ef5353cf608e0b4c871aee320dd1b87d351c28764fc0ca55f9f4",
                "sha256:2efb1bd13885392adfda4614c33d3b68dee4921fd0ac1d3988f8cbb7d589e72a",
                "sha256:2f4ac36d8e2b4cc1aa71df3dd84ff8efbe3bfb97ac41242fbcfc053c67434f46",
                "sha256:3170c9399da12c9dc66366e9d14da8bf7147e1e9d9ea566067bbce7bb74bd9c2",
                "sha256:3b1613dd5aee995ec6d4c69f00378bbd07614702a315a2cf6c1d21461fe17c23",
                "sha256:3bb3d25a8e6c0aedd251753a79ae98a093c7e7b471faa3aa9a93a81431987ace",
                "sha256:3bb7fda7260735efe66d5107fb7e6af6a7c04c7fce9b2514e04b7a74b06bf5dd",
                "sha256:41b25eaa7d15909cf3ac4c96088c1f266a9a93ec44f87f1d13d4a0e86c81b982",
                "sha256:45de3f87179c1823e6d9e32156fb14c1927fcc9aba21433f088fdfb555b77c10",
                "sha256:46fb8c61d794b78ec7134a715a3e564aafc8f6b5e338417cb19fe9f57a5a9bf2",
                "sha256:48021783bdf96e3d6de03a6e39a1171ed5bd7e8bb93fc84cc649d11490f87cea",
                "sha256:4957669ef390f0e6719db3613ab3a7631e68424604a7b448f079bee145da6e09",
                "sha256:5e86d77b090dbddbe78867a0275cb4df08ea195e660f1f7f13435a4649e954e5",
                "sha256:6339d047dab2780cc6220f46306628e04d9750f02f983ddb37439ca47ced7149",
                "sha256:681eb3d7e02e3c3655d1b16059fbfb605ac464c834a0c629048a30fad2b27489",
                "sha256:6c409c0deba34f147f77efaa67b8e4bb83d2f11c8806405f76397ae5b8c0d1c9",
                "sha256:7095f6fbfaa55defb6b733cfeb14efaae7a29f0b59d8cf213be4e7ca0b857b80",
                "sha256:70c610f6cbe4b9fce272c407dd9d07e33e6bf7b4aa1b7ffb6f6ded8e634e3592",
                "sha256:72814c01533f51d68702802d74f77ea026b5ec52793c791e2da806a3844a46c3",
                "sha256:7a4826ad2bd6b07ca615c74ab91f32f6c96d08f6fcc3902ceeedaec8cdc3bcd6",
                "sha256:7c70087bfee18a42b4040bb9ec1ca15a08242cf5867c58726530bdf3945672ed",
                "sha256:855eafa5d5a2034b4621c74925d89c5efef61418570e5ef9b37717d9c796419c",
                "sha256:8700f06d0ce6f128de3ccdbc1acaea1ee264d2caa9ca05daaf492fde7c2a7200",
                "sha256:89f1b185a01fe560bc8ae5f619e924407efca2191b56ce749ec84982fc59a32a",
                "sha256:8b2c760cfc7042b27ebdb4a43a4453bd829a5742503599144d54a032c5dc7e9e",
                "sha256:8c2f5e83493748286002f9369f3e6607c565a6a90425a3a1fef5ae32a36d749d",
                "sha256:8e098148dd37b4ce3baca71fb394c81dc5d9c7728c95df695d2dca218edf40e6",
                "sha256:94aea8eff76ee6d1cdacb07dd2123a68283cb5569e0250feab1240058f53b623",
                "sha256:95eb302ff792e12aba9a8b8f8474ab229a83c103d74a750ec0bd1c1eea32e669",
                "sha256:9bd9b3b31adcb054116447ea22caa61a285d92e94d710aa5ec97992ff5eb7cf3",
                "sha256:9e608aafdb55eb9f255034709e20d5a83b6d60c054df0802fa9c9883d0a937aa",
                "sha256:a103b3a7069b62f5d4890ae1b8f0597618f628b286b03d4bc9195230b154bfa9",
                "sha256:a386ebe437176aab38c041de1260cd3ea459c6ce5263594399880bbc398225b2",
                "sha256:a38856a971c602f98472050165cea2cdc97709240373041b69030be15047691f",
                "sha256:a401b4598e5d3f4a9a811f3daf42ee2291790c7f9d74b18d75d6e21dda98a1a1",
                "sha256:a7647ebdfb9682b7bb97e2a5e7cb6ae735b1c25008a70b906aecca294ee96cf4",
                "sha256:aaf63899c94de41fe3cf934601b0f7ccb6b428c6e4eeb80da72c58eab077b19a",
                "sha256:b0dac0ff919ba34d4df1b6131f59ce95b08b9065233446be7e459f95554c0dc8",
                "sha256:baacc6aee0b2ef6f3d308e197b5d7a81c0e70b06beae1f1fcacffdbd124fe0e3",
                "sha256:bf420121d4c8dce6b889f0e8e4ec0ca34b7f40186203f06a946fa0276ba54029",
                "sha256:c04a46716adde8d927adb9457bbe39cf473e1e2c2f5d0a16ceb837e5d841ad4f",
                "sha256:c0b21078a4b56965e2b12f247467b234734491897e99c1d51cee628da9786959",
                "sha256:c1c76a1743432b4b60ab3358c937a3fe1341c828ae6194108a94c69028247f22",
                "sha256:c4983bf937209c57240cff65906b18bb35e64ae872da6a0db937d7b4af845dd7",
                "sha256:c4fb39a81950ec280984b3a44f5bd12819953dc5fa3a7e6fa7a80db5ee853952",
                "sha256:c57921cda3a80d0f2b8aec7e25c8aa14479ea92b5b51b6876d975d925a2ea346",
                "sha256:c8063cf17b19661471ecbdb3df1c84f24ad2e389e326ccaf89e3fb2484d8dd7e",
                "sha256:ccd16eb18a849fd8dcb23e23380e2f0a354e8daa0c984b8a732d9cfaba3a776d",
                "sha256:cd6dbe0238f7743d0efe563ab46294f54f9bc8f4b9bcf57c3c666cc5bc9d1299",
                "sha256:d62e51710986674142526ab9f78663ca2b0726066ae26b78b22e0f5e571238dd",
                "sha256:db901e2ac34c931d73054d9797383d0f8009991e723dab15109740a63e7f902a",
                "sha256:e03b8895a6990c9ab2cdcd0f2fe44088ca1c65ae592b8f795c3294af00a461c3",
                "sha256:e1c8a2f4c69e08e89632defbfabec2feb8a8d99edc9f89ce33c4b9e36ab63037",
                "sha256:e4b749b9cc6ee664a3300bb3a273c1ca8068c46be705b6c31cf5d276f8628a94",
                "sha256:e6a5bf2cba5ae1bb80b154ed68a3cfa2fa00fde979a7f50d6598d3e17d9ac20c",
                "sha256:e857a2232ba53ae940d3456f7533ce6ca98b81917d47adc3c7fd55dad8fab858",
                "sha256:ee4006268ed33370957f55bf2e6f4d263eaf4dc3cfc473d1d90baff6ed36ce4a",
                "sha256:eef9df1eefada2c09a5e7a40991b9fc6ac6ef20b1372abd48d2794a316dc0449",
                "sha256:f058f6963fd82eb143c692cecdc89e075fa0828db2e5b291070485390b2f1c9c",
                "sha256:f25c229a6ba38a35ae6e25ca1264621cc25d4d38dca2942a7fce0b67a4efe918",
                "sha256:f2a1d0fd4242bd8643ce6f98927cf9c04540af6efa92323e9d3124f57727bfc1",
                "sha256:f7560358a6811e52e9c4d142d497f1a6e10103d3a6881f18d04dbce3729c0e2c",
                "sha256:f779d3ad205f108d14e99bb3859aa7dd8e9c68874617c72354d7ecaec2a054ac",
                "sha256:f87f746ee241d30d6ed93969de31e5ffd09a2961a051e60ae6bddde9ec3583aa"
            ],
            "markers": "python_version >= '3.6'",
            "index": "pypi",
            "version": "==3.2.0"
        },
        "click": {
            "hashes": [
                "sha256:ae74fb96c20a0277a1d615f1e4d73c8414f5a98db8b799a7931d1582f3390c28",
                "sha256:ca9853ad459e787e2192211578cc907e7594e294c7ccc834310722b41b9ca6de"
            ],
            "markers": "python_version >= '3.7'",
            "version": "==8.1.7"
        },
        "grpcio": {
            "hashes": [
                "sha256:0ae444221b2c16d8211b55326f8ba173ba8f8c76349bfc1768198ba592b58f74",
                "sha256:0b84445fa94d59e6806c10266b977f92fa997db3585f125d6b751af02ff8b9fe",
                "sha256:14890da86a0c0e9dc1ea8e90101d7a3e0e7b1e71f4487fab36e2bfd2ecadd13c",
                "sha256:15f03bd714f987d48ae57fe092cf81960ae36da4e520e729392a59a75cda4f29",
                "sha256:1a839ba86764cc48226f50b924216000c79779c563a301586a107bda9cbe9dcf",
                "sha256:225e5fa61c35eeaebb4e7491cd2d768cd8eb6ed00f2664fa83a58f29418b39fd",
                "sha256:228b91ce454876d7eed74041aff24a8f04c0306b7250a2da99d35dd25e2a1211",
                "sha256:2ea95cd6abbe20138b8df965b4a8674ec312aaef3147c0f46a0bac661f09e8d0",
                "sha256:2f120d27051e4c59db2f267b71b833796770d3ea36ca712befa8c5fff5da6ebd",
                "sha256:34341d9e81a4b669a5f5dca3b2a760b6798e95cdda2b173e65d29d0b16692857",
                "sha256:3859917de234a0a2a52132489c4425a73669de9c458b01c9a83687f1f31b5b10",
                "sha256:38823bd088c69f59966f594d087d3a929d1ef310506bee9e3648317660d65b81",
                "sha256:38da5310ef84e16d638ad89550b5b9424df508fd5c7b968b90eb9629ca9be4b9",
                "sha256:3b8ff795d35a93d1df6531f31c1502673d1cebeeba93d0f9bd74617381507e3f",
                "sha256:50eff97397e29eeee5df106ea1afce3ee134d567aa2c8e04fabab05c79d791a7",
                "sha256:5711c51e204dc52065f4a3327dca46e69636a0b76d3e98c2c28c4ccef9b04c52",
                "sha256:598f3530231cf10ae03f4ab92d48c3be1fee0c52213a1d5958df1a90957e6a88",
                "sha256:611d9aa0017fa386809bddcb76653a5ab18c264faf4d9ff35cb904d44745f575",
                "sha256:61bc72a00ecc2b79d9695220b4d02e8ba53b702b42411397e831c9b0589f08a3",
                "sha256:63982150a7d598281fa1d7ffead6096e543ff8be189d3235dd2b5604f2c553e5",
                "sha256:6c4b1cc3a9dc1924d2eb26eec8792fedd4b3fcd10111e26c1d551f2e4eda79ce",
                "sha256:81d86a096ccd24a57fa5772a544c9e566218bc4de49e8c909882dae9d73392df",
                "sha256:849c47ef42424c86af069a9c5e691a765e304079755d5c29eff511263fad9c2a",
                "sha256:871371ce0c0055d3db2a86fdebd1e1d647cf21a8912acc30052660297a5a6901",
                "sha256:8cd2d38c2d52f607d75a74143113174c36d8a416d9472415eab834f837580cf7",
                "sha256:936b2e04663660c600d5173bc2cc84e15adbad9c8f71946eb833b0afc205b996",
                "sha256:93e9cb546e610829e462147ce724a9cb108e61647a3454500438a6deef610be1",
                "sha256:956f0b7cb465a65de1bd90d5a7475b4dc55089b25042fe0f6c870707e9aabb1d",
                "sha256:986de4aa75646e963466b386a8c5055c8b23a26a36a6c99052385d6fe8aaf180",
                "sha256:aca8a24fef80bef73f83eb8153f5f5a0134d9539b4c436a716256b311dda90a6",
                "sha256:acf70a63cf09dd494000007b798aff88a436e1c03b394995ce450be437b8e54f",
                "sha256:b34c7a4c31841a2ea27246a05eed8a80c319bfc0d3e644412ec9ce437105ff6c",
                "sha256:b95ec8ecc4f703f5caaa8d96e93e40c7f589bad299a2617bdb8becbcce525539",
                "sha256:ba0ca727a173ee093f49ead932c051af463258b4b493b956a2c099696f38aa66",
                "sha256:c041a91712bf23b2a910f61e16565a05869e505dc5a5c025d429ca6de5de842c",
                "sha256:c0488c2b0528e6072010182075615620071371701733c63ab5be49140ed8f7f0",
                "sha256:c173a87d622ea074ce79be33b952f0b424fa92182063c3bda8625c11d3585d09",
                "sha256:c251d22de8f9f5cca9ee47e4bade7c5c853e6e40743f47f5cc02288ee7a87252",
                "sha256:c4dfdb49f4997dc664f30116af2d34751b91aa031f8c8ee251ce4dcfc11277b0",
                "sha256:ca87ee6183421b7cea3544190061f6c1c3dfc959e0b57a5286b108511fd34ff4",
                "sha256:ceb1e68135788c3fce2211de86a7597591f0b9a0d2bb80e8401fd1d915991bac",
                "sha256:d09bd2a4e9f5a44d36bb8684f284835c14d30c22d8ec92ce796655af12163588",
                "sha256:d0fcf53df684fcc0154b1e61f6b4a8c4cf5f49d98a63511e3f30966feff39cd0",
                "sha256:d74f7d2d7c242a6af9d4d069552ec3669965b74fed6b92946e0e13b4168374f9",
                "sha256:de2599985b7c1b4ce7526e15c969d66b93687571aa008ca749d6235d056b7205",
                "sha256:e5378785dce2b91eb2e5b857ec7602305a3b5cf78311767146464bfa365fc897",
                "sha256:ec78aebb9b6771d6a1de7b6ca2f779a2f6113b9108d486e904bde323d51f5589",
                "sha256:f1feb034321ae2f718172d86b8276c03599846dc7bb1792ae370af02718f91c5",
                "sha256:f21917aa50b40842b51aff2de6ebf9e2f6af3fe0971c31960ad6a3a2b24988f4",
                "sha256:f367e4b524cb319e50acbdea57bb63c3b717c5d561974ace0b065a648bb3bad3",
                "sha256:f6cfe44a5d7c7d5f1017a7da1c8160304091ca5dc64a0f85bca0d63008c3137a",
                "sha256:fa66cac32861500f280bb60fe7d5b3e22d68c51e18e65367e38f8669b78cea3b",
                "sha256:fc8bf2e7bc725e76c0c11e474634a08c8f24bcf7426c0c6d60c8f9c6e70e4d4a",
                "sha256:fe976910de34d21057bcb53b2c5e667843588b48bf11339da2a75f5c4c5b4055"
            ],
            "markers": "python_version >= '3.7'",
            "version": "==1.59.0"
        },
        "idna": {
            "hashes": [
                "sha256:814f528e8dead7d329833b91c5faa87d60bf71824cd12a7530b5526063d02cb4",
                "sha256:90b77e79eaa3eba6de819a0c442c0b4ceefc341a7a2ab77d7562bf49f425c5c2"
            ],
            "markers": "python_version >= '3.5'",
            "version": "==3.4"
        },
        "jinja2": {
            "hashes": [
                "sha256:31351a702a408a9e7595a8fc6150fc3f43bb6bf7e319770cbc0db9df9437e852",
                "sha256:6088930bfe239f0e6710546ab9c19c9ef35e29792895fed6e6e31a023a182a61"
            ],
            "markers": "python_version >= '3.7'",
            "version": "==3.1.2"
        },
        "markupsafe": {
            "hashes": [
                "sha256:05fb21170423db021895e1ea1e1f3ab3adb85d1c2333cbc2310f2a26bc77272e",
                "sha256:0a4e4a1aff6c7ac4cd55792abf96c915634c2b97e3cc1c7129578aa68ebd754e",
                "sha256:10bbfe99883db80bdbaff2dcf681dfc6533a614f700da1287707e8a5d78a8431",
                "sha256:134da1eca9ec0ae528110ccc9e48041e0828d79f24121a1a146161103c76e686",
                "sha256:14ff806850827afd6b07a5f32bd917fb7f45b046ba40c57abdb636674a8b559c",
                "sha256:1577735524cdad32f9f694208aa75e422adba74f1baee7551620e43a3141f559",
                "sha256:1b40069d487e7edb2676d3fbdb2b0829ffa2cd63a2ec26c4938b2d34391b4ecc",
                "sha256:1b8dd8c3fd14349433c79fa8abeb573a55fc0fdd769133baac1f5e07abf54aeb",
                "sha256:1f67c7038d560d92149c060157d623c542173016c4babc0c1913cca0564b9939",
                "sha256:282c2cb35b5b673bbcadb33a585408104df04f14b2d9b01d4c345a3b92861c2c",
                "sha256:2c1b19b3aaacc6e57b7e25710ff571c24d6c3613a45e905b1fde04d691b98ee0",
                "sha256:2ef12179d3a291be237280175b542c07a36e7f60718296278d8593d21ca937d4",
                "sha256:338ae27d6b8745585f87218a3f23f1512dbf52c26c28e322dbe54bcede54ccb9",
                "sha256:3c0fae6c3be832a0a0473ac912810b2877c8cb9d76ca48de1ed31e1c68386575",
                "sha256:3fd4abcb888d15a94f32b75d8fd18ee162ca0c064f35b11134be77050296d6ba",
                "sha256:42de32b22b6b804f42c5d98be4f7e5e977ecdd9ee9b660fda1a3edf03b11792d",
                "sha256:47d4f1c5f80fc62fdd7777d0d40a2e9dda0a05883ab11374334f6c4de38adffd",
                "sha256:504b320cd4b7eff6f968eddf81127112db685e81f7e36e75f9f84f0df46041c3",
                "sha256:525808b8019e36eb524b8c68acdd63a37e75714eac50e988180b169d64480a00",
                "sha256:56d9f2ecac662ca1611d183feb03a3fa4406469dafe241673d521dd5ae92a155",
                "sha256:5bbe06f8eeafd38e5d0a4894ffec89378b6c6a625ff57e3028921f8ff59318ac",
                "sha256:65c1a9bcdadc6c28eecee2c119465aebff8f7a584dd719facdd9e825ec61ab52",
                "sha256:68e78619a61ecf91e76aa3e6e8e33fc4894a2bebe93410754bd28fce0a8a4f9f",
                "sha256:69c0f17e9f5a7afdf2cc9fb2d1ce6aabdb3bafb7f38017c0b77862bcec2bbad8",
                "sha256:6b2b56950d93e41f33b4223ead100ea0fe11f8e6ee5f641eb753ce4b77a7042b",
                "sha256:715d3562f79d540f251b99ebd6d8baa547118974341db04f5ad06d5ea3eb8007",
                "sha256:787003c0ddb00500e49a10f2844fac87aa6ce977b90b0feaaf9de23c22508b24",
                "sha256:7ef3cb2ebbf91e330e3bb937efada0edd9003683db6b57bb108c4001f37a02ea",
                "sha256:8023faf4e01efadfa183e863fefde0046de576c6f14659e8782065bcece22198",
                "sha256:8758846a7e80910096950b67071243da3e5a20ed2546e6392603c096778d48e0",
                "sha256:8afafd99945ead6e075b973fefa56379c5b5c53fd8937dad92c662da5d8fd5ee",
                "sha256:8c41976a29d078bb235fea9b2ecd3da465df42a562910f9022f1a03107bd02be",
                "sha256:8e254ae696c88d98da6555f5ace2279cf7cd5b3f52be2b5cf97feafe883b58d2",
                "sha256:8f9293864fe09b8149f0cc42ce56e3f0e54de883a9de90cd427f191c346eb2e1",
                "sha256:9402b03f1a1b4dc4c19845e5c749e3ab82d5078d16a2a4c2cd2df62d57bb0707",
                "sha256:962f82a3086483f5e5f64dbad880d31038b698494799b097bc59c2edf392fce6",
                "sha256:9aad3c1755095ce347e26488214ef77e0485a3c34a50c5a5e2471dff60b9dd9c",
                "sha256:9dcdfd0eaf283af041973bff14a2e143b8bd64e069f4c383416ecd79a81aab58",
                "sha256:aa57bd9cf8ae831a362185ee444e15a93ecb2e344c8e52e4d721ea3ab6ef1823",
                "sha256:aa7bd130efab1c280bed0f45501b7c8795f9fdbeb02e965371bbef3523627779",
                "sha256:ab4a0df41e7c16a1392727727e7998a467472d0ad65f3ad5e6e765015df08636",
                "sha256:ad9e82fb8f09ade1c3e1b996a6337afac2b8b9e365f926f5a61aacc71adc5b3c",
                "sha256:af598ed32d6ae86f1b747b82783958b1a4ab8f617b06fe68795c7f026abbdcad",
                "sha256:b076b6226fb84157e3f7c971a47ff3a679d837cf338547532ab866c57930dbee",
                "sha256:b7ff0f54cb4ff66dd38bebd335a38e2c22c41a8ee45aa608efc890ac3e3931bc",
                "sha256:bfce63a9e7834b12b87c64d6b155fdd9b3b96191b6bd334bf37db7ff1fe457f2",
                "sha256:c011a4149cfbcf9f03994ec2edffcb8b1dc2d2aede7ca243746df97a5d41ce48",
                "sha256:c9c804664ebe8f83a211cace637506669e7890fec1b4195b505c214e50dd4eb7",
                "sha256:ca379055a47383d02a5400cb0d110cef0a776fc644cda797db0c5696cfd7e18e",
                "sha256:cb0932dc158471523c9637e807d9bfb93e06a95cbf010f1a38b98623b929ef2b",
                "sha256:cd0f502fe016460680cd20aaa5a76d241d6f35a1c3350c474bac1273803893fa",
                "sha256:ceb01949af7121f9fc39f7d27f91be8546f3fb112c608bc4029aef0bab86a2a5",
                "sha256:d080e0a5eb2529460b30190fcfcc4199bd7f827663f858a226a81bc27beaa97e",
                "sha256:dd15ff04ffd7e05ffcb7fe79f1b98041b8ea30ae9234aed2a9168b5797c3effb",
                "sha256:df0be2b576a7abbf737b1575f048c23fb1d769f267ec4358296f31c2479db8f9",
                "sha256:e09031c87a1e51556fdcb46e5bd4f59dfb743061cf93c4d6831bf894f125eb57",
                "sha256:e4dd52d80b8c83fdce44e12478ad2e85c64ea965e75d66dbeafb0a3e77308fcc",
                "sha256:f698de3fd0c4e6972b92290a45bd9b1536bffe8c6759c62471efaa8acb4c37bc",
                "sha256:fec21693218efe39aa7f8599346e90c705afa52c5b31ae019b2e57e8f6542bb2",
                "sha256:ffcc3f7c66b5f5b7931a5aa68fc9cecc51e685ef90282f4a82f0f5e9b704ad11"
            ],
            "markers": "python_version >= '3.7'",
            "version": "==2.1.3"
        },
        "pluginbase": {
            "hashes": [
                "sha256:ff6c33a98fce232e9c73841d787a643de574937069f0d18147028d70d7dee287"
            ],
            "version": "==1.0.1"
        },
        "protobuf": {
            "hashes": [
                "sha256:067f750169bc644da2e1ef18c785e85071b7c296f14ac53e0900e605da588719",
                "sha256:12e9ad2ec079b833176d2921be2cb24281fa591f0b119b208b788adc48c2561d",
                "sha256:1b182c7181a2891e8f7f3a1b5242e4ec54d1f42582485a896e4de81aa17540c2",
                "sha256:20651f11b6adc70c0f29efbe8f4a94a74caf61b6200472a9aea6e19898f9fcf4",
                "sha256:2da777d34b4f4f7613cdf85c70eb9a90b1fbef9d36ae4a0ccfe014b0b07906f1",
                "sha256:3d42e9e4796a811478c783ef63dc85b5a104b44aaaca85d4864d5b886e4b05e3",
                "sha256:6e514e8af0045be2b56e56ae1bb14f43ce7ffa0f68b1c793670ccbe2c4fc7d2b",
                "sha256:b0271a701e6782880d65a308ba42bc43874dabd1a0a0f41f72d2dac3b57f8e76",
                "sha256:ba53c2f04798a326774f0e53b9c759eaef4f6a568ea7072ec6629851c8435959",
                "sha256:e29d79c913f17a60cf17c626f1041e5288e9885c8579832580209de8b75f2a52",
                "sha256:f631bb982c5478e0c1c70eab383af74a84be66945ebf5dd6b06fc90079668d0b",
                "sha256:f6ccbcf027761a2978c1406070c3788f6de4a4b2cc20800cc03d52df716ad675",
                "sha256:f6f8dc65625dadaad0c8545319c2e2f0424fede988368893ca3844261342c11a"
            ],
            "markers": "python_version >= '3.7'",
            "version": "==4.24.3"
        },
        "psutil": {
            "hashes": [
                "sha256:104a5cc0e31baa2bcf67900be36acde157756b9c44017b86b2c049f11957887d",
                "sha256:3c6f686f4225553615612f6d9bc21f1c0e305f75d7d8454f9b46e901778e7217",
                "sha256:4aef137f3345082a3d3232187aeb4ac4ef959ba3d7c10c33dd73763fbc063da4",
                "sha256:5410638e4df39c54d957fc51ce03048acd8e6d60abc0f5107af51e5fb566eb3c",
                "sha256:5b9b8cb93f507e8dbaf22af6a2fd0ccbe8244bf30b1baad6b3954e935157ae3f",
                "sha256:7a7dd9997128a0d928ed4fb2c2d57e5102bb6089027939f3b722f3a210f9a8da",
                "sha256:89518112647f1276b03ca97b65cc7f64ca587b1eb0278383017c2a0dcc26cbe4",
                "sha256:8c5f7c5a052d1d567db4ddd231a9d27a74e8e4a9c3f44b1032762bd7b9fdcd42",
                "sha256:ab8ed1a1d77c95453db1ae00a3f9c50227ebd955437bcf2a574ba8adbf6a74d5",
                "sha256:acf2aef9391710afded549ff602b5887d7a2349831ae4c26be7c807c0a39fac4",
                "sha256:b258c0c1c9d145a1d5ceffab1134441c4c5113b2417fafff7315a917a026c3c9",
                "sha256:be8929ce4313f9f8146caad4272f6abb8bf99fc6cf59344a3167ecd74f4f203f",
                "sha256:c607bb3b57dc779d55e1554846352b4e358c10fff3abf3514a7a6601beebdb30",
                "sha256:ea8518d152174e1249c4f2a1c89e3e6065941df2fa13a1ab45327716a23c2b48"
            ],
            "markers": "python_version >= '2.7' and python_version not in '3.0, 3.1, 3.2, 3.3'",
            "version": "==5.9.5"
        },
        "pycairo": {
            "hashes": [
                "sha256:1eb0fe7738e770057017f185a76aaad9aa280da1bdf0571fb85b7e116eeb3001",
                "sha256:2e4da8be0a696c2e8a1709f5a2bd849e802147769439ea4268f926695f4b5a55",
                "sha256:37842b9bfa6339c45a5025f752e1d78d5840b1a0f82303bdd5610846ad8b5c4f",
                "sha256:439c62c3c744aabb70ab6b97f04e0d58e587cc35c2e9f52d1bb2f47f852ea2de",
                "sha256:659b0b701767bbfe16ad3cb291717039555bf4d0b857f64acc7e40e1b39660bc",
                "sha256:6654201d10c5f13975caec648796b1e0e2b0f8af1e4302a086dc3183bb8346ee",
                "sha256:7f1390e5e81719bfcf30ad667c09188caa1d3bd190f9af40efcd13e25b7cf25b",
                "sha256:8690cc2cba6bd223cc9703a9a7b392fe1bec78003662c6dbc9869d81ee343bdf",
                "sha256:9f0ee34c6ca1e7ef970d51fb68e5a6a02a374d2e679ceddf891dfc53408b11c7",
                "sha256:a8b08f198a45b5e505c1475ed9c3b1a39993b9ebff0e18dd9f194927de6411b7",
                "sha256:c40ce034a07266460bc3318a179aa43b2824d36754906831a90c99fb4f246370",
                "sha256:c986f7ee44dee9c6b119604f8f33480d9f5410e550a8bbda5d333742a867a53c",
                "sha256:caa76409cae523f7c5254ee75935d8d520efa96eaf22c64f26c8e24ca74f8281",
                "sha256:ec0e05fe7a0d2fc1ef0d6babc19b8b2d731af3ab1638fcdcaad2d42204a487f2",
                "sha256:f5d29720075d0d3cc1eef8abb3a3069951b466f04583976adfd770e71bc5be3a"
            ],
            "markers": "python_version >= '3.8'",
            "version": "==1.25.0"
        },
        "pygobject": {
            "hashes": [
                "sha256:481437b05af0a66b7c366ea052710eb3aacbb979d22d30b797f7ec29347ab1e6"
            ],
            "index": "pypi",
            "markers": "python_version >= '3.8' and python_version < '4'",
            "version": "==3.46.0"
        },
        "requests": {
            "hashes": [
                "sha256:58cd2187c01e70e6e26505bca751777aa9f2ee0b7f4300988b709f44e013003f",
                "sha256:942c5a758f98d790eaed1a29cb6eefc7ffb0d1cf7af05c3d2791656dbd6ad1e1"
            ],
            "markers": "python_version >= '3.7'",
            "version": "==2.31.0"
        },
        "ruamel.yaml": {
            "hashes": [
                "sha256:2080c7a02b8a30fb3c06727cdf3e254a64055eedf3aa2d17c2b669639c04971b",
                "sha256:5c56aa0bff2afceaa93bffbfc78b450b7dc1e01d5edb80b3a570695286ae62b1"
            ],
            "markers": "python_version >= '3'",
            "version": "==0.17.33"
        },
        "setuptools": {
            "hashes": [
                "sha256:4ac1475276d2f1c48684874089fefcd83bd7162ddaafb81fac866ba0db282a87",
                "sha256:b454a35605876da60632df1a60f736524eb73cc47bbc9f3f1ef1b644de74fd2a"
            ],
            "markers": "python_version >= '3.8'",
            "version": "==68.2.2"
        },
        "ujson": {
            "hashes": [
                "sha256:07d459aca895eb17eb463b00441986b021b9312c6c8cc1d06880925c7f51009c",
                "sha256:0be81bae295f65a6896b0c9030b55a106fb2dec69ef877253a87bc7c9c5308f7",
                "sha256:0fe1b7edaf560ca6ab023f81cbeaf9946a240876a993b8c5a21a1c539171d903",
                "sha256:102bf31c56f59538cccdfec45649780ae00657e86247c07edac434cb14d5388c",
                "sha256:11da6bed916f9bfacf13f4fc6a9594abd62b2bb115acfb17a77b0f03bee4cfd5",
                "sha256:16fde596d5e45bdf0d7de615346a102510ac8c405098e5595625015b0d4b5296",
                "sha256:193349a998cd821483a25f5df30b44e8f495423840ee11b3b28df092ddfd0f7f",
                "sha256:20768961a6a706170497129960762ded9c89fb1c10db2989c56956b162e2a8a3",
                "sha256:27a2a3c7620ebe43641e926a1062bc04e92dbe90d3501687957d71b4bdddaec4",
                "sha256:2873d196725a8193f56dde527b322c4bc79ed97cd60f1d087826ac3290cf9207",
                "sha256:299a312c3e85edee1178cb6453645217ba23b4e3186412677fa48e9a7f986de6",
                "sha256:2a64cc32bb4a436e5813b83f5aab0889927e5ea1788bf99b930fad853c5625cb",
                "sha256:2b852bdf920fe9f84e2a2c210cc45f1b64f763b4f7d01468b33f7791698e455e",
                "sha256:2e72ba76313d48a1a3a42e7dc9d1db32ea93fac782ad8dde6f8b13e35c229130",
                "sha256:3659deec9ab9eb19e8646932bfe6fe22730757c4addbe9d7d5544e879dc1b721",
                "sha256:3b27a8da7a080add559a3b73ec9ebd52e82cc4419f7c6fb7266e62439a055ed0",
                "sha256:3f9b63530a5392eb687baff3989d0fb5f45194ae5b1ca8276282fb647f8dcdb3",
                "sha256:407d60eb942c318482bbfb1e66be093308bb11617d41c613e33b4ce5be789adc",
                "sha256:40931d7c08c4ce99adc4b409ddb1bbb01635a950e81239c2382cfe24251b127a",
                "sha256:48c7d373ff22366eecfa36a52b9b55b0ee5bd44c2b50e16084aa88b9de038916",
                "sha256:4ddeabbc78b2aed531f167d1e70387b151900bc856d61e9325fcdfefb2a51ad8",
                "sha256:5ac97b1e182d81cf395ded620528c59f4177eee024b4b39a50cdd7b720fdeec6",
                "sha256:5ce24909a9c25062e60653073dd6d5e6ec9d6ad7ed6e0069450d5b673c854405",
                "sha256:69b3104a2603bab510497ceabc186ba40fef38ec731c0ccaa662e01ff94a985c",
                "sha256:6a4dafa9010c366589f55afb0fd67084acd8added1a51251008f9ff2c3e44042",
                "sha256:6d230d870d1ce03df915e694dcfa3f4e8714369cce2346686dbe0bc8e3f135e7",
                "sha256:78e318def4ade898a461b3d92a79f9441e7e0e4d2ad5419abed4336d702c7425",
                "sha256:7a42baa647a50fa8bed53d4e242be61023bd37b93577f27f90ffe521ac9dc7a3",
                "sha256:7cba16b26efe774c096a5e822e4f27097b7c81ed6fb5264a2b3f5fd8784bab30",
                "sha256:7d8283ac5d03e65f488530c43d6610134309085b71db4f675e9cf5dff96a8282",
                "sha256:7ecc33b107ae88405aebdb8d82c13d6944be2331ebb04399134c03171509371a",
                "sha256:9249fdefeb021e00b46025e77feed89cd91ffe9b3a49415239103fc1d5d9c29a",
                "sha256:9399eaa5d1931a0ead49dce3ffacbea63f3177978588b956036bfe53cdf6af75",
                "sha256:94c7bd9880fa33fcf7f6d7f4cc032e2371adee3c5dba2922b918987141d1bf07",
                "sha256:9571de0c53db5cbc265945e08f093f093af2c5a11e14772c72d8e37fceeedd08",
                "sha256:9721cd112b5e4687cb4ade12a7b8af8b048d4991227ae8066d9c4b3a6642a582",
                "sha256:9ab282d67ef3097105552bf151438b551cc4bedb3f24d80fada830f2e132aeb9",
                "sha256:9d9707e5aacf63fb919f6237d6490c4e0244c7f8d3dc2a0f84d7dec5db7cb54c",
                "sha256:a70f776bda2e5072a086c02792c7863ba5833d565189e09fabbd04c8b4c3abba",
                "sha256:a89cf3cd8bf33a37600431b7024a7ccf499db25f9f0b332947fbc79043aad879",
                "sha256:a8c91b6f4bf23f274af9002b128d133b735141e867109487d17e344d38b87d94",
                "sha256:ad24ec130855d4430a682c7a60ca0bc158f8253ec81feed4073801f6b6cb681b",
                "sha256:ae7f4725c344bf437e9b881019c558416fe84ad9c6b67426416c131ad577df67",
                "sha256:b748797131ac7b29826d1524db1cc366d2722ab7afacc2ce1287cdafccddbf1f",
                "sha256:bdf04c6af3852161be9613e458a1fb67327910391de8ffedb8332e60800147a2",
                "sha256:bf5737dbcfe0fa0ac8fa599eceafae86b376492c8f1e4b84e3adf765f03fb564",
                "sha256:c4e7bb7eba0e1963f8b768f9c458ecb193e5bf6977090182e2b4f4408f35ac76",
                "sha256:d524a8c15cfc863705991d70bbec998456a42c405c291d0f84a74ad7f35c5109",
                "sha256:d53039d39de65360e924b511c7ca1a67b0975c34c015dd468fca492b11caa8f7",
                "sha256:d6f84a7a175c75beecde53a624881ff618e9433045a69fcfb5e154b73cdaa377",
                "sha256:e0147d41e9fb5cd174207c4a2895c5e24813204499fd0839951d4c8784a23bf5",
                "sha256:e3673053b036fd161ae7a5a33358ccae6793ee89fd499000204676baafd7b3aa",
                "sha256:e54578fa8838ddc722539a752adfce9372474114f8c127bb316db5392d942f8b",
                "sha256:eb0142f6f10f57598655340a3b2c70ed4646cbe674191da195eb0985a9813b83",
                "sha256:efeddf950fb15a832376c0c01d8d7713479fbeceaed1eaecb2665aa62c305aec",
                "sha256:f26629ac531d712f93192c233a74888bc8b8212558bd7d04c349125f10199fcf",
                "sha256:f2e385a7679b9088d7bc43a64811a7713cc7c33d032d020f757c54e7d41931ae",
                "sha256:f3554eaadffe416c6f543af442066afa6549edbc34fe6a7719818c3e72ebfe95",
                "sha256:f4511560d75b15ecb367eef561554959b9d49b6ec3b8d5634212f9fed74a6df1",
                "sha256:f504117a39cb98abba4153bf0b46b4954cc5d62f6351a14660201500ba31fe7f",
                "sha256:fb87decf38cc82bcdea1d7511e73629e651bdec3a43ab40985167ab8449b769c"
            ],
            "markers": "python_version >= '3.8'",
            "version": "==5.8.0"
        },
        "urllib3": {
            "hashes": [
                "sha256:13abf37382ea2ce6fb744d4dad67838eec857c9f4f57009891805e0b5e123594",
                "sha256:ef16afa8ba34a1f989db38e1dbbe0c302e4289a47856990d0682e374563ce35e"
            ],
            "markers": "python_version >= '3.7'",
            "version": "==2.0.5"
        }
    },
    "develop": {}
}
