
Microsoft Visual Studio Solution File, Format Version 11.00
# Visual Studio 2010
Project("{2150E333-8FDC-42A3-9474-1A3956D46DE8}") = "WTF Projects", "WTF Projects", "{7F982CAD-225B-4FCE-9937-3B72C14D968D}"
EndProject
Project("{2150E333-8FDC-42A3-9474-1A3956D46DE8}") = "JavaScriptCore Projects", "JavaScriptCore Projects", "{F9F5E7FE-5C5F-4CE9-8665-A84633F49E12}"
EndProject
Project("{2150E333-8FDC-42A3-9474-1A3956D46DE8}") = "WebCore Projects", "WebCore Projects", "{4A894588-A951-4E76-A085-50E10304DC40}"
EndProject
Project("{2150E333-8FDC-42A3-9474-1A3956D46DE8}") = "WebKit Projects", "WebKit Projects", "{39286F46-BA75-4997-8065-1909090A60F0}"
EndProject
Project("{8BC9CEB8-8B4A-11D0-8D11-00A0C91BC942}") = "Interfaces", "Interfaces\Interfaces.vcxproj", "{1659B1B6-F2A3-46B3-AE02-FE65B4A607EB}"
	ProjectSection(ProjectDependencies) = postProject
		{83414B15-1C0D-490B-990E-03F4D49170E4} = {83414B15-1C0D-490B-990E-03F4D49170E4}
	EndProjectSection
EndProject
Project("{8BC9CEB8-8B4A-11D0-8D11-00A0C91BC942}") = "WTF", "..\..\WTF\WTF.vcxproj\WTF.vcxproj", "{8EF73779-BED3-45BB-816D-9FF58399AFA5}"
	ProjectSection(ProjectDependencies) = postProject
		{F7366596-0520-4433-B8FF-D843E31E5199} = {F7366596-0520-4433-B8FF-D843E31E5199}
	EndProjectSection
EndProject
Project("{8BC9CEB8-8B4A-11D0-8D11-00A0C91BC942}") = "WTFGenerated", "..\..\WTF\WTF.vcxproj\WTFGenerated.vcxproj", "{F7366596-0520-4433-B8FF-D843E31E5199}"
EndProject
Project("{8BC9CEB8-8B4A-11D0-8D11-00A0C91BC942}") = "JavaScriptCoreGenerated", "..\..\JavaScriptCore\JavaScriptCore.vcxproj\JavaScriptCoreGenerated.vcxproj", "{3670D01F-95F3-45A8-B878-947EB6CF214E}"
	ProjectSection(ProjectDependencies) = postProject
		{8EF73779-BED3-45BB-816D-9FF58399AFA5} = {8EF73779-BED3-45BB-816D-9FF58399AFA5}
	EndProjectSection
EndProject
Project("{8BC9CEB8-8B4A-11D0-8D11-00A0C91BC942}") = "JavaScriptCore", "..\..\JavaScriptCore\JavaScriptCore.vcxproj\JavaScriptCore.vcxproj", "{22413D41-3A18-42B7-92A8-CEDC6CE86920}"
	ProjectSection(ProjectDependencies) = postProject
		{BB7E61B8-869E-45E7-8F12-0907D08C1F57} = {BB7E61B8-869E-45E7-8F12-0907D08C1F57}
	EndProjectSection
EndProject
Project("{8BC9CEB8-8B4A-11D0-8D11-00A0C91BC942}") = "jsc", "..\..\JavaScriptCore\JavaScriptCore.vcxproj\jsc\jsc.vcxproj", "{2BD437CF-BDAC-4119-9ED6-E10EF46C69F3}"
	ProjectSection(ProjectDependencies) = postProject
		{22413D41-3A18-42B7-92A8-CEDC6CE86920} = {22413D41-3A18-42B7-92A8-CEDC6CE86920}
	EndProjectSection
EndProject
Project("{8BC9CEB8-8B4A-11D0-8D11-00A0C91BC942}") = "WebCore", "..\..\WebCore\WebCore.vcxproj\WebCore.vcxproj", "{1C16337B-ACF3-4D03-AA90-851C5B5EADA6}"
	ProjectSection(ProjectDependencies) = postProject
		{E498CA9D-3BD2-4D52-8E37-C8DC76526325} = {E498CA9D-3BD2-4D52-8E37-C8DC76526325}
	EndProjectSection
EndProject
Project("{8BC9CEB8-8B4A-11D0-8D11-00A0C91BC942}") = "WebCoreGenerated", "..\..\WebCore\WebCore.vcxproj\WebCoreGenerated.vcxproj", "{A4159B6F-3106-4F75-9EDD-582307BDB96A}"
	ProjectSection(ProjectDependencies) = postProject
		{5CC08E13-2CF9-4C2E-8544-07DA4E8C1843} = {5CC08E13-2CF9-4C2E-8544-07DA4E8C1843}
	EndProjectSection
EndProject
Project("{8BC9CEB8-8B4A-11D0-8D11-00A0C91BC942}") = "QTMovieWin", "..\..\WebCore\WebCore.vcxproj\QTMovieWin\QTMovieWin.vcxproj", "{E498CA9D-3BD2-4D52-8E37-C8DC76526325}"
	ProjectSection(ProjectDependencies) = postProject
		{A4159B6F-3106-4F75-9EDD-582307BDB96A} = {A4159B6F-3106-4F75-9EDD-582307BDB96A}
	EndProjectSection
EndProject
Project("{8BC9CEB8-8B4A-11D0-8D11-00A0C91BC942}") = "WebKit", "WebKit\WebKit.vcxproj", "{0662A8A9-82A3-4638-97D8-EC425D8D87C9}"
	ProjectSection(ProjectDependencies) = postProject
		{0F837117-8C0B-4596-A373-A37E14A01223} = {0F837117-8C0B-4596-A373-A37E14A01223}
	EndProjectSection
EndProject
Project("{8BC9CEB8-8B4A-11D0-8D11-00A0C91BC942}") = "testRegExp", "..\..\JavaScriptCore\JavaScriptCore.vcxproj\testRegExp\testRegExp.vcxproj", "{BB16286B-AADC-46C1-BC0D-6C06F323E04B}"
	ProjectSection(ProjectDependencies) = postProject
		{2BD437CF-BDAC-4119-9ED6-E10EF46C69F3} = {2BD437CF-BDAC-4119-9ED6-E10EF46C69F3}
	EndProjectSection
EndProject
Project("{8BC9CEB8-8B4A-11D0-8D11-00A0C91BC942}") = "testapi", "..\..\JavaScriptCore\JavaScriptCore.vcxproj\testapi\testapi.vcxproj", "{5CC08E13-2CF9-4C2E-8544-07DA4E8C1843}"
	ProjectSection(ProjectDependencies) = postProject
		{BB16286B-AADC-46C1-BC0D-6C06F323E04B} = {BB16286B-AADC-46C1-BC0D-6C06F323E04B}
	EndProjectSection
EndProject
Project("{8BC9CEB8-8B4A-11D0-8D11-00A0C91BC942}") = "LLIntOffsetsExtractor", "..\..\JavaScriptCore\JavaScriptCore.vcxproj\LLInt\LLIntOffsetsExtractor\LLIntOffsetsExtractor.vcxproj", "{D595E3F6-24F2-4C60-935C-95D50C6B3E96}"
	ProjectSection(ProjectDependencies) = postProject
		{877150A0-41B3-4730-9D98-1B8298098B14} = {877150A0-41B3-4730-9D98-1B8298098B14}
	EndProjectSection
EndProject
Project("{8BC9CEB8-8B4A-11D0-8D11-00A0C91BC942}") = "LLIntDesiredOffsets", "..\..\JavaScriptCore\JavaScriptCore.vcxproj\LLInt\LLIntDesiredOffsets\LLIntDesiredOffsets.vcxproj", "{877150A0-41B3-4730-9D98-1B8298098B14}"
	ProjectSection(ProjectDependencies) = postProject
		{3670D01F-95F3-45A8-B878-947EB6CF214E} = {3670D01F-95F3-45A8-B878-947EB6CF214E}
	EndProjectSection
EndProject
Project("{8BC9CEB8-8B4A-11D0-8D11-00A0C91BC942}") = "LLIntAssembly", "..\..\JavaScriptCore\JavaScriptCore.vcxproj\LLInt\LLIntAssembly\LLIntAssembly.vcxproj", "{9221744B-5715-4F56-9590-42F7AB23DD8B}"
	ProjectSection(ProjectDependencies) = postProject
		{D595E3F6-24F2-4C60-935C-95D50C6B3E96} = {D595E3F6-24F2-4C60-935C-95D50C6B3E96}
	EndProjectSection
EndProject
Project("{8BC9CEB8-8B4A-11D0-8D11-00A0C91BC942}") = "WebKitExportGenerator", "WebKitExportGenerator\WebKitExportGenerator.vcxproj", "{0F837117-8C0B-4596-A373-A37E14A01223}"
	ProjectSection(ProjectDependencies) = postProject
		{A15EDAD8-8B87-4D4A-8498-77A04AB65F16} = {A15EDAD8-8B87-4D4A-8498-77A04AB65F16}
	EndProjectSection
EndProject
Project("{8BC9CEB8-8B4A-11D0-8D11-00A0C91BC942}") = "WebKitGUID", "WebKitGUID\WebKitGUID.vcxproj", "{A15EDAD8-8B87-4D4A-8498-77A04AB65F16}"
	ProjectSection(ProjectDependencies) = postProject
		{1659B1B6-F2A3-46B3-AE02-FE65B4A607EB} = {1659B1B6-F2A3-46B3-AE02-FE65B4A607EB}
	EndProjectSection
EndProject
Project("{8BC9CEB8-8B4A-11D0-8D11-00A0C91BC942}") = "JavaScriptCoreExportGenerator", "..\..\JavaScriptCore\JavaScriptCore.vcxproj\JavaScriptCoreExportGenerator\JavaScriptCoreExportGenerator.vcxproj", "{BB7E61B8-869E-45E7-8F12-0907D08C1F57}"
	ProjectSection(ProjectDependencies) = postProject
		{3670D01F-95F3-45A8-B878-947EB6CF214E} = {3670D01F-95F3-45A8-B878-947EB6CF214E}
		{9221744B-5715-4F56-9590-42F7AB23DD8B} = {9221744B-5715-4F56-9590-42F7AB23DD8B}
	EndProjectSection
EndProject
Project("{2150E333-8FDC-42A3-9474-1A3956D46DE8}") = "WinLauncher Projects", "WinLauncher Projects", "{20A8616C-E56B-4649-A910-8E97751DE145}"
EndProject
Project("{8BC9CEB8-8B4A-11D0-8D11-00A0C91BC942}") = "WinLauncherLib", "..\..\..\Tools\WinLauncher\WinLauncher.vcxproj\WinLauncherLib.vcxproj", "{114FCA11-216B-4C8C-957E-30A75AE80443}"
	ProjectSection(ProjectDependencies) = postProject
		{0662A8A9-82A3-4638-97D8-EC425D8D87C9} = {0662A8A9-82A3-4638-97D8-EC425D8D87C9}
	EndProjectSection
EndProject
Project("{8BC9CEB8-8B4A-11D0-8D11-00A0C91BC942}") = "WinLauncher", "..\..\..\Tools\WinLauncher\WinLauncher.vcxproj\WinLauncher.vcxproj", "{767B10FB-76C1-44D0-8005-85ED7F9AA5E4}"
	ProjectSection(ProjectDependencies) = postProject
		{114FCA11-216B-4C8C-957E-30A75AE80443} = {114FCA11-216B-4C8C-957E-30A75AE80443}
	EndProjectSection
EndProject
Project("{2150E333-8FDC-42A3-9474-1A3956D46DE8}") = "DumpRenderTree Projects", "DumpRenderTree Projects", "{3D4C8B23-9375-4A7C-869C-7CC262C42F9F}"
EndProject
Project("{8BC9CEB8-8B4A-11D0-8D11-00A0C91BC942}") = "WebCoreTestSupport", "..\..\WebCore\WebCore.vcxproj\WebCoreTestSupport.vcxproj", "{83414B15-1C0D-490B-990E-03F4D49170E4}"
	ProjectSection(ProjectDependencies) = postProject
		{1C16337B-ACF3-4D03-AA90-851C5B5EADA6} = {1C16337B-ACF3-4D03-AA90-851C5B5EADA6}
	EndProjectSection
EndProject
Project("{8BC9CEB8-8B4A-11D0-8D11-00A0C91BC942}") = "TestNetscapePlugin", "..\..\..\Tools\DumpRenderTree\DumpRenderTree.vcxproj\TestNetscapePlugin\TestNetscapePlugin.vcxproj", "{C0737398-3565-439E-A2B8-AB2BE4D5430C}"
	ProjectSection(ProjectDependencies) = postProject
		{767B10FB-76C1-44D0-8005-85ED7F9AA5E4} = {767B10FB-76C1-44D0-8005-85ED7F9AA5E4}
	EndProjectSection
EndProject
Project("{8BC9CEB8-8B4A-11D0-8D11-00A0C91BC942}") = "ImageDiff", "..\..\..\Tools\DumpRenderTree\DumpRenderTree.vcxproj\ImageDiff\ImageDiff.vcxproj", "{59CC0547-70AC-499C-9B19-EC01C6F61137}"
	ProjectSection(ProjectDependencies) = postProject
		{C0737398-3565-439E-A2B8-AB2BE4D5430C} = {C0737398-3565-439E-A2B8-AB2BE4D5430C}
	EndProjectSection
EndProject
Project("{8BC9CEB8-8B4A-11D0-8D11-00A0C91BC942}") = "ImageDiffLauncher", "..\..\..\Tools\DumpRenderTree\DumpRenderTree.vcxproj\ImageDiff\ImageDiffLauncher.vcxproj", "{DD7949B6-F2B4-47C2-9C42-E21E84CB1017}"
	ProjectSection(ProjectDependencies) = postProject
		{59CC0547-70AC-499C-9B19-EC01C6F61137} = {59CC0547-70AC-499C-9B19-EC01C6F61137}
	EndProjectSection
EndProject
Project("{8BC9CEB8-8B4A-11D0-8D11-00A0C91BC942}") = "DumpRenderTree", "..\..\..\Tools\DumpRenderTree\DumpRenderTree.vcxproj\DumpRenderTree\DumpRenderTree.vcxproj", "{6567DFD4-D6DE-4CD5-825D-17E353D160E1}"
	ProjectSection(ProjectDependencies) = postProject
		{DD7949B6-F2B4-47C2-9C42-E21E84CB1017} = {DD7949B6-F2B4-47C2-9C42-E21E84CB1017}
	EndProjectSection
EndProject
Project("{8BC9CEB8-8B4A-11D0-8D11-00A0C91BC942}") = "DumpRenderTreeLauncher", "..\..\..\Tools\DumpRenderTree\DumpRenderTree.vcxproj\DumpRenderTree\DumpRenderTreeLauncher.vcxproj", "{2974EA02-840B-4995-8719-8920A61006F1}"
	ProjectSection(ProjectDependencies) = postProject
		{6567DFD4-D6DE-4CD5-825D-17E353D160E1} = {6567DFD4-D6DE-4CD5-825D-17E353D160E1}
	EndProjectSection
EndProject
Project("{2150E333-8FDC-42A3-9474-1A3956D46DE8}") = "Tools", "Tools", "{6993F96C-409A-4FDC-A0BA-B40D5060B07C}"
EndProject
Project("{2150E333-8FDC-42A3-9474-1A3956D46DE8}") = "APITest Projects", "APITest Projects", "{68A7C287-F9C4-4A31-9B49-995E64CAC100}"
EndProject
Project("{2150E333-8FDC-42A3-9474-1A3956D46DE8}") = "StandAlone Projects", "StandAlone Projects", "{74E05245-682B-4D12-98AD-BFC64C9C14CE}"
EndProject
Project("{8BC9CEB8-8B4A-11D0-8D11-00A0C91BC942}") = "gtest-md", "..\..\ThirdParty\gtest\msvc\gtest-md.vcxproj", "{C8F6C172-56F2-4E76-B5FA-C3B423B31BE8}"
	ProjectSection(ProjectDependencies) = postProject
		{F93EBE5A-20F3-44C1-B192-C4AA2BA95FD5} = {F93EBE5A-20F3-44C1-B192-C4AA2BA95FD5}
	EndProjectSection
EndProject
Project("{8BC9CEB8-8B4A-11D0-8D11-00A0C91BC942}") = "TestWebKitAPI", "..\..\..\Tools\TestWebKitAPI\TestWebKitAPI.vcxproj\TestWebKitAPI.vcxproj", "{AF94D13A-36C1-45FF-9B0B-EB5D3FF6F43D}"
	ProjectSection(ProjectDependencies) = postProject
		{C8F6C172-56F2-4E76-B5FA-C3B423B31BE8} = {C8F6C172-56F2-4E76-B5FA-C3B423B31BE8}
	EndProjectSection
EndProject
Project("{8BC9CEB8-8B4A-11D0-8D11-00A0C91BC942}") = "record-memory", "..\..\..\Tools\win\record-memory\record-memory.vcxproj", "{F93EBE5A-20F3-44C1-B192-C4AA2BA95FD5}"
	ProjectSection(ProjectDependencies) = postProject
		{2974EA02-840B-4995-8719-8920A61006F1} = {2974EA02-840B-4995-8719-8920A61006F1}
	EndProjectSection
EndProject
Global
	GlobalSection(SolutionConfigurationPlatforms) = preSolution
		Debug|Win32 = Debug|Win32
		Production|Win32 = Production|Win32
		Release|Win32 = Release|Win32
	EndGlobalSection
	GlobalSection(ProjectConfigurationPlatforms) = postSolution
		{1659B1B6-F2A3-46B3-AE02-FE65B4A607EB}.Debug|Win32.ActiveCfg = Debug|Win32
		{1659B1B6-F2A3-46B3-AE02-FE65B4A607EB}.Debug|Win32.Build.0 = Debug|Win32
		{1659B1B6-F2A3-46B3-AE02-FE65B4A607EB}.Production|Win32.ActiveCfg = Production|Win32
		{1659B1B6-F2A3-46B3-AE02-FE65B4A607EB}.Production|Win32.Build.0 = Production|Win32
		{1659B1B6-F2A3-46B3-AE02-FE65B4A607EB}.Release|Win32.ActiveCfg = Release|Win32
		{1659B1B6-F2A3-46B3-AE02-FE65B4A607EB}.Release|Win32.Build.0 = Release|Win32
		{8EF73779-BED3-45BB-816D-9FF58399AFA5}.Debug|Win32.ActiveCfg = Debug|Win32
		{8EF73779-BED3-45BB-816D-9FF58399AFA5}.Debug|Win32.Build.0 = Debug|Win32
		{8EF73779-BED3-45BB-816D-9FF58399AFA5}.Production|Win32.ActiveCfg = Production|Win32
		{8EF73779-BED3-45BB-816D-9FF58399AFA5}.Production|Win32.Build.0 = Production|Win32
		{8EF73779-BED3-45BB-816D-9FF58399AFA5}.Release|Win32.ActiveCfg = Release|Win32
		{8EF73779-BED3-45BB-816D-9FF58399AFA5}.Release|Win32.Build.0 = Release|Win32
		{F7366596-0520-4433-B8FF-D843E31E5199}.Debug|Win32.ActiveCfg = Debug|Win32
		{F7366596-0520-4433-B8FF-D843E31E5199}.Debug|Win32.Build.0 = Debug|Win32
		{F7366596-0520-4433-B8FF-D843E31E5199}.Production|Win32.ActiveCfg = Production|Win32
		{F7366596-0520-4433-B8FF-D843E31E5199}.Production|Win32.Build.0 = Production|Win32
		{F7366596-0520-4433-B8FF-D843E31E5199}.Release|Win32.ActiveCfg = Release|Win32
		{F7366596-0520-4433-B8FF-D843E31E5199}.Release|Win32.Build.0 = Release|Win32
		{3670D01F-95F3-45A8-B878-947EB6CF214E}.Debug|Win32.ActiveCfg = Debug|Win32
		{3670D01F-95F3-45A8-B878-947EB6CF214E}.Debug|Win32.Build.0 = Debug|Win32
		{3670D01F-95F3-45A8-B878-947EB6CF214E}.Production|Win32.ActiveCfg = Production|Win32
		{3670D01F-95F3-45A8-B878-947EB6CF214E}.Production|Win32.Build.0 = Production|Win32
		{3670D01F-95F3-45A8-B878-947EB6CF214E}.Release|Win32.ActiveCfg = Release|Win32
		{3670D01F-95F3-45A8-B878-947EB6CF214E}.Release|Win32.Build.0 = Release|Win32
		{22413D41-3A18-42B7-92A8-CEDC6CE86920}.Debug|Win32.ActiveCfg = Debug|Win32
		{22413D41-3A18-42B7-92A8-CEDC6CE86920}.Debug|Win32.Build.0 = Debug|Win32
		{22413D41-3A18-42B7-92A8-CEDC6CE86920}.Production|Win32.ActiveCfg = Production|Win32
		{22413D41-3A18-42B7-92A8-CEDC6CE86920}.Production|Win32.Build.0 = Production|Win32
		{22413D41-3A18-42B7-92A8-CEDC6CE86920}.Release|Win32.ActiveCfg = Release|Win32
		{22413D41-3A18-42B7-92A8-CEDC6CE86920}.Release|Win32.Build.0 = Release|Win32
		{2BD437CF-BDAC-4119-9ED6-E10EF46C69F3}.Debug|Win32.ActiveCfg = Debug|Win32
		{2BD437CF-BDAC-4119-9ED6-E10EF46C69F3}.Debug|Win32.Build.0 = Debug|Win32
		{2BD437CF-BDAC-4119-9ED6-E10EF46C69F3}.Production|Win32.ActiveCfg = Production|Win32
		{2BD437CF-BDAC-4119-9ED6-E10EF46C69F3}.Production|Win32.Build.0 = Production|Win32
		{2BD437CF-BDAC-4119-9ED6-E10EF46C69F3}.Release|Win32.ActiveCfg = Release|Win32
		{2BD437CF-BDAC-4119-9ED6-E10EF46C69F3}.Release|Win32.Build.0 = Release|Win32
		{1C16337B-ACF3-4D03-AA90-851C5B5EADA6}.Debug|Win32.ActiveCfg = Debug|Win32
		{1C16337B-ACF3-4D03-AA90-851C5B5EADA6}.Debug|Win32.Build.0 = Debug|Win32
		{1C16337B-ACF3-4D03-AA90-851C5B5EADA6}.Production|Win32.ActiveCfg = Production|Win32
		{1C16337B-ACF3-4D03-AA90-851C5B5EADA6}.Production|Win32.Build.0 = Production|Win32
		{1C16337B-ACF3-4D03-AA90-851C5B5EADA6}.Release|Win32.ActiveCfg = Release|Win32
		{1C16337B-ACF3-4D03-AA90-851C5B5EADA6}.Release|Win32.Build.0 = Release|Win32
		{A4159B6F-3106-4F75-9EDD-582307BDB96A}.Debug|Win32.ActiveCfg = Debug|Win32
		{A4159B6F-3106-4F75-9EDD-582307BDB96A}.Debug|Win32.Build.0 = Debug|Win32
		{A4159B6F-3106-4F75-9EDD-582307BDB96A}.Production|Win32.ActiveCfg = Production|Win32
		{A4159B6F-3106-4F75-9EDD-582307BDB96A}.Production|Win32.Build.0 = Production|Win32
		{A4159B6F-3106-4F75-9EDD-582307BDB96A}.Release|Win32.ActiveCfg = Release|Win32
		{A4159B6F-3106-4F75-9EDD-582307BDB96A}.Release|Win32.Build.0 = Release|Win32
		{E498CA9D-3BD2-4D52-8E37-C8DC76526325}.Debug|Win32.ActiveCfg = Debug|Win32
		{E498CA9D-3BD2-4D52-8E37-C8DC76526325}.Debug|Win32.Build.0 = Debug|Win32
		{E498CA9D-3BD2-4D52-8E37-C8DC76526325}.Production|Win32.ActiveCfg = Production|Win32
		{E498CA9D-3BD2-4D52-8E37-C8DC76526325}.Production|Win32.Build.0 = Production|Win32
		{E498CA9D-3BD2-4D52-8E37-C8DC76526325}.Release|Win32.ActiveCfg = Release|Win32
		{E498CA9D-3BD2-4D52-8E37-C8DC76526325}.Release|Win32.Build.0 = Release|Win32
		{0662A8A9-82A3-4638-97D8-EC425D8D87C9}.Debug|Win32.ActiveCfg = Debug|Win32
		{0662A8A9-82A3-4638-97D8-EC425D8D87C9}.Debug|Win32.Build.0 = Debug|Win32
		{0662A8A9-82A3-4638-97D8-EC425D8D87C9}.Production|Win32.ActiveCfg = Production|Win32
		{0662A8A9-82A3-4638-97D8-EC425D8D87C9}.Production|Win32.Build.0 = Production|Win32
		{0662A8A9-82A3-4638-97D8-EC425D8D87C9}.Release|Win32.ActiveCfg = Release|Win32
		{0662A8A9-82A3-4638-97D8-EC425D8D87C9}.Release|Win32.Build.0 = Release|Win32
		{BB16286B-AADC-46C1-BC0D-6C06F323E04B}.Debug|Win32.ActiveCfg = Debug|Win32
		{BB16286B-AADC-46C1-BC0D-6C06F323E04B}.Debug|Win32.Build.0 = Debug|Win32
		{BB16286B-AADC-46C1-BC0D-6C06F323E04B}.Production|Win32.ActiveCfg = Production|Win32
		{BB16286B-AADC-46C1-BC0D-6C06F323E04B}.Production|Win32.Build.0 = Production|Win32
		{BB16286B-AADC-46C1-BC0D-6C06F323E04B}.Release|Win32.ActiveCfg = Release|Win32
		{BB16286B-AADC-46C1-BC0D-6C06F323E04B}.Release|Win32.Build.0 = Release|Win32
		{5CC08E13-2CF9-4C2E-8544-07DA4E8C1843}.Debug|Win32.ActiveCfg = Debug|Win32
		{5CC08E13-2CF9-4C2E-8544-07DA4E8C1843}.Debug|Win32.Build.0 = Debug|Win32
		{5CC08E13-2CF9-4C2E-8544-07DA4E8C1843}.Production|Win32.ActiveCfg = Production|Win32
		{5CC08E13-2CF9-4C2E-8544-07DA4E8C1843}.Production|Win32.Build.0 = Production|Win32
		{5CC08E13-2CF9-4C2E-8544-07DA4E8C1843}.Release|Win32.ActiveCfg = Release|Win32
		{5CC08E13-2CF9-4C2E-8544-07DA4E8C1843}.Release|Win32.Build.0 = Release|Win32
		{D595E3F6-24F2-4C60-935C-95D50C6B3E96}.Debug|Win32.ActiveCfg = Debug|Win32
		{D595E3F6-24F2-4C60-935C-95D50C6B3E96}.Debug|Win32.Build.0 = Debug|Win32
		{D595E3F6-24F2-4C60-935C-95D50C6B3E96}.Production|Win32.ActiveCfg = Production|Win32
		{D595E3F6-24F2-4C60-935C-95D50C6B3E96}.Production|Win32.Build.0 = Production|Win32
		{D595E3F6-24F2-4C60-935C-95D50C6B3E96}.Release|Win32.ActiveCfg = Release|Win32
		{D595E3F6-24F2-4C60-935C-95D50C6B3E96}.Release|Win32.Build.0 = Release|Win32
		{877150A0-41B3-4730-9D98-1B8298098B14}.Debug|Win32.ActiveCfg = Debug|Win32
		{877150A0-41B3-4730-9D98-1B8298098B14}.Debug|Win32.Build.0 = Debug|Win32
		{877150A0-41B3-4730-9D98-1B8298098B14}.Production|Win32.ActiveCfg = Production|Win32
		{877150A0-41B3-4730-9D98-1B8298098B14}.Production|Win32.Build.0 = Production|Win32
		{877150A0-41B3-4730-9D98-1B8298098B14}.Release|Win32.ActiveCfg = Release|Win32
		{877150A0-41B3-4730-9D98-1B8298098B14}.Release|Win32.Build.0 = Release|Win32
		{9221744B-5715-4F56-9590-42F7AB23DD8B}.Debug|Win32.ActiveCfg = Debug|Win32
		{9221744B-5715-4F56-9590-42F7AB23DD8B}.Debug|Win32.Build.0 = Debug|Win32
		{9221744B-5715-4F56-9590-42F7AB23DD8B}.Production|Win32.ActiveCfg = Production|Win32
		{9221744B-5715-4F56-9590-42F7AB23DD8B}.Production|Win32.Build.0 = Production|Win32
		{9221744B-5715-4F56-9590-42F7AB23DD8B}.Release|Win32.ActiveCfg = Release|Win32
		{9221744B-5715-4F56-9590-42F7AB23DD8B}.Release|Win32.Build.0 = Release|Win32
		{0F837117-8C0B-4596-A373-A37E14A01223}.Debug|Win32.ActiveCfg = Debug|Win32
		{0F837117-8C0B-4596-A373-A37E14A01223}.Debug|Win32.Build.0 = Debug|Win32
		{0F837117-8C0B-4596-A373-A37E14A01223}.Production|Win32.ActiveCfg = Production|Win32
		{0F837117-8C0B-4596-A373-A37E14A01223}.Production|Win32.Build.0 = Production|Win32
		{0F837117-8C0B-4596-A373-A37E14A01223}.Release|Win32.ActiveCfg = Release|Win32
		{0F837117-8C0B-4596-A373-A37E14A01223}.Release|Win32.Build.0 = Release|Win32
		{A15EDAD8-8B87-4D4A-8498-77A04AB65F16}.Debug|Win32.ActiveCfg = Debug|Win32
		{A15EDAD8-8B87-4D4A-8498-77A04AB65F16}.Debug|Win32.Build.0 = Debug|Win32
		{A15EDAD8-8B87-4D4A-8498-77A04AB65F16}.Production|Win32.ActiveCfg = Production|Win32
		{A15EDAD8-8B87-4D4A-8498-77A04AB65F16}.Production|Win32.Build.0 = Production|Win32
		{A15EDAD8-8B87-4D4A-8498-77A04AB65F16}.Release|Win32.ActiveCfg = Release|Win32
		{A15EDAD8-8B87-4D4A-8498-77A04AB65F16}.Release|Win32.Build.0 = Release|Win32
		{BB7E61B8-869E-45E7-8F12-0907D08C1F57}.Debug|Win32.ActiveCfg = Debug|Win32
		{BB7E61B8-869E-45E7-8F12-0907D08C1F57}.Debug|Win32.Build.0 = Debug|Win32
		{BB7E61B8-869E-45E7-8F12-0907D08C1F57}.Production|Win32.ActiveCfg = Production|Win32
		{BB7E61B8-869E-45E7-8F12-0907D08C1F57}.Production|Win32.Build.0 = Production|Win32
		{BB7E61B8-869E-45E7-8F12-0907D08C1F57}.Release|Win32.ActiveCfg = Release|Win32
		{BB7E61B8-869E-45E7-8F12-0907D08C1F57}.Release|Win32.Build.0 = Release|Win32
		{114FCA11-216B-4C8C-957E-30A75AE80443}.Debug|Win32.ActiveCfg = Debug|Win32
		{114FCA11-216B-4C8C-957E-30A75AE80443}.Debug|Win32.Build.0 = Debug|Win32
		{114FCA11-216B-4C8C-957E-30A75AE80443}.Production|Win32.ActiveCfg = Production|Win32
		{114FCA11-216B-4C8C-957E-30A75AE80443}.Production|Win32.Build.0 = Production|Win32
		{114FCA11-216B-4C8C-957E-30A75AE80443}.Release|Win32.ActiveCfg = Release|Win32
		{114FCA11-216B-4C8C-957E-30A75AE80443}.Release|Win32.Build.0 = Release|Win32
		{767B10FB-76C1-44D0-8005-85ED7F9AA5E4}.Debug|Win32.ActiveCfg = Debug|Win32
		{767B10FB-76C1-44D0-8005-85ED7F9AA5E4}.Debug|Win32.Build.0 = Debug|Win32
		{767B10FB-76C1-44D0-8005-85ED7F9AA5E4}.Production|Win32.ActiveCfg = Production|Win32
		{767B10FB-76C1-44D0-8005-85ED7F9AA5E4}.Production|Win32.Build.0 = Production|Win32
		{767B10FB-76C1-44D0-8005-85ED7F9AA5E4}.Release|Win32.ActiveCfg = Release|Win32
		{767B10FB-76C1-44D0-8005-85ED7F9AA5E4}.Release|Win32.Build.0 = Release|Win32
		{83414B15-1C0D-490B-990E-03F4D49170E4}.Debug|Win32.ActiveCfg = Debug|Win32
		{83414B15-1C0D-490B-990E-03F4D49170E4}.Debug|Win32.Build.0 = Debug|Win32
		{83414B15-1C0D-490B-990E-03F4D49170E4}.Production|Win32.ActiveCfg = Production|Win32
		{83414B15-1C0D-490B-990E-03F4D49170E4}.Production|Win32.Build.0 = Production|Win32
		{83414B15-1C0D-490B-990E-03F4D49170E4}.Release|Win32.ActiveCfg = Release|Win32
		{83414B15-1C0D-490B-990E-03F4D49170E4}.Release|Win32.Build.0 = Release|Win32
		{C0737398-3565-439E-A2B8-AB2BE4D5430C}.Debug|Win32.ActiveCfg = Debug|Win32
		{C0737398-3565-439E-A2B8-AB2BE4D5430C}.Debug|Win32.Build.0 = Debug|Win32
		{C0737398-3565-439E-A2B8-AB2BE4D5430C}.Production|Win32.ActiveCfg = Production|Win32
		{C0737398-3565-439E-A2B8-AB2BE4D5430C}.Production|Win32.Build.0 = Production|Win32
		{C0737398-3565-439E-A2B8-AB2BE4D5430C}.Release|Win32.ActiveCfg = Release|Win32
		{C0737398-3565-439E-A2B8-AB2BE4D5430C}.Release|Win32.Build.0 = Release|Win32
		{59CC0547-70AC-499C-9B19-EC01C6F61137}.Debug|Win32.ActiveCfg = Debug|Win32
		{59CC0547-70AC-499C-9B19-EC01C6F61137}.Debug|Win32.Build.0 = Debug|Win32
		{59CC0547-70AC-499C-9B19-EC01C6F61137}.Production|Win32.ActiveCfg = Production|Win32
		{59CC0547-70AC-499C-9B19-EC01C6F61137}.Production|Win32.Build.0 = Production|Win32
		{59CC0547-70AC-499C-9B19-EC01C6F61137}.Release|Win32.ActiveCfg = Release|Win32
		{59CC0547-70AC-499C-9B19-EC01C6F61137}.Release|Win32.Build.0 = Release|Win32
		{DD7949B6-F2B4-47C2-9C42-E21E84CB1017}.Debug|Win32.ActiveCfg = Debug|Win32
		{DD7949B6-F2B4-47C2-9C42-E21E84CB1017}.Debug|Win32.Build.0 = Debug|Win32
		{DD7949B6-F2B4-47C2-9C42-E21E84CB1017}.Production|Win32.ActiveCfg = Production|Win32
		{DD7949B6-F2B4-47C2-9C42-E21E84CB1017}.Production|Win32.Build.0 = Production|Win32
		{DD7949B6-F2B4-47C2-9C42-E21E84CB1017}.Release|Win32.ActiveCfg = Release|Win32
		{DD7949B6-F2B4-47C2-9C42-E21E84CB1017}.Release|Win32.Build.0 = Release|Win32
		{6567DFD4-D6DE-4CD5-825D-17E353D160E1}.Debug|Win32.ActiveCfg = Debug|Win32
		{6567DFD4-D6DE-4CD5-825D-17E353D160E1}.Debug|Win32.Build.0 = Debug|Win32
		{6567DFD4-D6DE-4CD5-825D-17E353D160E1}.Production|Win32.ActiveCfg = Production|Win32
		{6567DFD4-D6DE-4CD5-825D-17E353D160E1}.Production|Win32.Build.0 = Production|Win32
		{6567DFD4-D6DE-4CD5-825D-17E353D160E1}.Release|Win32.ActiveCfg = Release|Win32
		{6567DFD4-D6DE-4CD5-825D-17E353D160E1}.Release|Win32.Build.0 = Release|Win32
		{2974EA02-840B-4995-8719-8920A61006F1}.Debug|Win32.ActiveCfg = Debug|Win32
		{2974EA02-840B-4995-8719-8920A61006F1}.Debug|Win32.Build.0 = Debug|Win32
		{2974EA02-840B-4995-8719-8920A61006F1}.Production|Win32.ActiveCfg = Production|Win32
		{2974EA02-840B-4995-8719-8920A61006F1}.Production|Win32.Build.0 = Production|Win32
		{2974EA02-840B-4995-8719-8920A61006F1}.Release|Win32.ActiveCfg = Release|Win32
		{2974EA02-840B-4995-8719-8920A61006F1}.Release|Win32.Build.0 = Release|Win32
		{C8F6C172-56F2-4E76-B5FA-C3B423B31BE8}.Debug|Win32.ActiveCfg = Debug|Win32
		{C8F6C172-56F2-4E76-B5FA-C3B423B31BE8}.Debug|Win32.Build.0 = Debug|Win32
		{C8F6C172-56F2-4E76-B5FA-C3B423B31BE8}.Production|Win32.ActiveCfg = Production|Win32
		{C8F6C172-56F2-4E76-B5FA-C3B423B31BE8}.Production|Win32.Build.0 = Production|Win32
		{C8F6C172-56F2-4E76-B5FA-C3B423B31BE8}.Release|Win32.ActiveCfg = Release|Win32
		{C8F6C172-56F2-4E76-B5FA-C3B423B31BE8}.Release|Win32.Build.0 = Release|Win32
		{AF94D13A-36C1-45FF-9B0B-EB5D3FF6F43D}.Debug|Win32.ActiveCfg = Debug|Win32
		{AF94D13A-36C1-45FF-9B0B-EB5D3FF6F43D}.Debug|Win32.Build.0 = Debug|Win32
		{AF94D13A-36C1-45FF-9B0B-EB5D3FF6F43D}.Production|Win32.ActiveCfg = Production|Win32
		{AF94D13A-36C1-45FF-9B0B-EB5D3FF6F43D}.Production|Win32.Build.0 = Production|Win32
		{AF94D13A-36C1-45FF-9B0B-EB5D3FF6F43D}.Release|Win32.ActiveCfg = Release|Win32
		{AF94D13A-36C1-45FF-9B0B-EB5D3FF6F43D}.Release|Win32.Build.0 = Release|Win32
		{F93EBE5A-20F3-44C1-B192-C4AA2BA95FD5}.Debug|Win32.ActiveCfg = Debug|Win32
		{F93EBE5A-20F3-44C1-B192-C4AA2BA95FD5}.Debug|Win32.Build.0 = Debug|Win32
		{F93EBE5A-20F3-44C1-B192-C4AA2BA95FD5}.Production|Win32.ActiveCfg = Production|Win32
		{F93EBE5A-20F3-44C1-B192-C4AA2BA95FD5}.Production|Win32.Build.0 = Production|Win32
		{F93EBE5A-20F3-44C1-B192-C4AA2BA95FD5}.Release|Win32.ActiveCfg = Release|Win32
		{F93EBE5A-20F3-44C1-B192-C4AA2BA95FD5}.Release|Win32.Build.0 = Release|Win32
	EndGlobalSection
	GlobalSection(SolutionProperties) = preSolution
		HideSolutionNode = FALSE
	EndGlobalSection
	GlobalSection(NestedProjects) = preSolution
		{8EF73779-BED3-45BB-816D-9FF58399AFA5} = {7F982CAD-225B-4FCE-9937-3B72C14D968D}
		{F7366596-0520-4433-B8FF-D843E31E5199} = {7F982CAD-225B-4FCE-9937-3B72C14D968D}
		{3670D01F-95F3-45A8-B878-947EB6CF214E} = {F9F5E7FE-5C5F-4CE9-8665-A84633F49E12}
		{22413D41-3A18-42B7-92A8-CEDC6CE86920} = {F9F5E7FE-5C5F-4CE9-8665-A84633F49E12}
		{2BD437CF-BDAC-4119-9ED6-E10EF46C69F3} = {F9F5E7FE-5C5F-4CE9-8665-A84633F49E12}
		{BB16286B-AADC-46C1-BC0D-6C06F323E04B} = {F9F5E7FE-5C5F-4CE9-8665-A84633F49E12}
		{5CC08E13-2CF9-4C2E-8544-07DA4E8C1843} = {F9F5E7FE-5C5F-4CE9-8665-A84633F49E12}
		{D595E3F6-24F2-4C60-935C-95D50C6B3E96} = {F9F5E7FE-5C5F-4CE9-8665-A84633F49E12}
		{877150A0-41B3-4730-9D98-1B8298098B14} = {F9F5E7FE-5C5F-4CE9-8665-A84633F49E12}
		{9221744B-5715-4F56-9590-42F7AB23DD8B} = {F9F5E7FE-5C5F-4CE9-8665-A84633F49E12}
		{BB7E61B8-869E-45E7-8F12-0907D08C1F57} = {F9F5E7FE-5C5F-4CE9-8665-A84633F49E12}
		{1C16337B-ACF3-4D03-AA90-851C5B5EADA6} = {4A894588-A951-4E76-A085-50E10304DC40}
		{A4159B6F-3106-4F75-9EDD-582307BDB96A} = {4A894588-A951-4E76-A085-50E10304DC40}
		{E498CA9D-3BD2-4D52-8E37-C8DC76526325} = {4A894588-A951-4E76-A085-50E10304DC40}
		{83414B15-1C0D-490B-990E-03F4D49170E4} = {4A894588-A951-4E76-A085-50E10304DC40}
		{1659B1B6-F2A3-46B3-AE02-FE65B4A607EB} = {39286F46-BA75-4997-8065-1909090A60F0}
		{0662A8A9-82A3-4638-97D8-EC425D8D87C9} = {39286F46-BA75-4997-8065-1909090A60F0}
		{0F837117-8C0B-4596-A373-A37E14A01223} = {39286F46-BA75-4997-8065-1909090A60F0}
		{A15EDAD8-8B87-4D4A-8498-77A04AB65F16} = {39286F46-BA75-4997-8065-1909090A60F0}
		{20A8616C-E56B-4649-A910-8E97751DE145} = {6993F96C-409A-4FDC-A0BA-B40D5060B07C}
		{3D4C8B23-9375-4A7C-869C-7CC262C42F9F} = {6993F96C-409A-4FDC-A0BA-B40D5060B07C}
		{68A7C287-F9C4-4A31-9B49-995E64CAC100} = {6993F96C-409A-4FDC-A0BA-B40D5060B07C}
		{74E05245-682B-4D12-98AD-BFC64C9C14CE} = {6993F96C-409A-4FDC-A0BA-B40D5060B07C}
		{767B10FB-76C1-44D0-8005-85ED7F9AA5E4} = {20A8616C-E56B-4649-A910-8E97751DE145}
		{114FCA11-216B-4C8C-957E-30A75AE80443} = {20A8616C-E56B-4649-A910-8E97751DE145}
		{C0737398-3565-439E-A2B8-AB2BE4D5430C} = {3D4C8B23-9375-4A7C-869C-7CC262C42F9F}
		{59CC0547-70AC-499C-9B19-EC01C6F61137} = {3D4C8B23-9375-4A7C-869C-7CC262C42F9F}
		{DD7949B6-F2B4-47C2-9C42-E21E84CB1017} = {3D4C8B23-9375-4A7C-869C-7CC262C42F9F}
		{6567DFD4-D6DE-4CD5-825D-17E353D160E1} = {3D4C8B23-9375-4A7C-869C-7CC262C42F9F}
		{2974EA02-840B-4995-8719-8920A61006F1} = {3D4C8B23-9375-4A7C-869C-7CC262C42F9F}
		{C8F6C172-56F2-4E76-B5FA-C3B423B31BE8} = {68A7C287-F9C4-4A31-9B49-995E64CAC100}
		{AF94D13A-36C1-45FF-9B0B-EB5D3FF6F43D} = {68A7C287-F9C4-4A31-9B49-995E64CAC100}
		{F93EBE5A-20F3-44C1-B192-C4AA2BA95FD5} = {74E05245-682B-4D12-98AD-BFC64C9C14CE}
	EndGlobalSection
EndGlobal
