// !$*UTF8*$!
{
	archiveVersion = 1;
	classes = {
	};
	objectVersion = 46;
	objects = {

/* Begin PBXBuildFile section */
		2E8D3EF819881D43004F6CC2 /* main.m in Sources */ = {isa = PBXBuildFile; fileRef = 2E8D3EF719881D43004F6CC2 /* main.m */; };
		2E8D3F0219881FD0004F6CC2 /* LTPipeRelay.m in Sources */ = {isa = PBXBuildFile; fileRef = 2E8D3F0119881FD0004F6CC2 /* LTPipeRelay.m */; };
		2E8D3F0619882406004F6CC2 /* LTRelayController.m in Sources */ = {isa = PBXBuildFile; fileRef = 2E8D3F0519882406004F6CC2 /* LTRelayController.m */; };
/* End PBXBuildFile section */

/* Begin PBXCopyFilesBuildPhase section */
		2E8D3EF219881D43004F6CC2 /* CopyFiles */ = {
			isa = PBXCopyFilesBuildPhase;
			buildActionMask = 2147483647;
			dstPath = /usr/share/man/man1/;
			dstSubfolderSpec = 0;
			files = (
			);
			runOnlyForDeploymentPostprocessing = 1;
		};
/* End PBXCopyFilesBuildPhase section */

/* Begin PBXFileReference section */
		2E8D3EF419881D43004F6CC2 /* LayoutTestRelay */ = {isa = PBXFileReference; explicitFileType = "compiled.mach-o.executable"; includeInIndex = 0; path = LayoutTestRelay; sourceTree = BUILT_PRODUCTS_DIR; };
		2E8D3EF719881D43004F6CC2 /* main.m */ = {isa = PBXFileReference; lastKnownFileType = sourcecode.c.objc; path = main.m; sourceTree = "<group>"; };
		2E8D3EFE19881E13004F6CC2 /* DebugRelease.xcconfig */ = {isa = PBXFileReference; lastKnownFileType = text.xcconfig; name = DebugRelease.xcconfig; path = Configurations/DebugRelease.xcconfig; sourceTree = "<group>"; };
		2E8D3EFF19881E25004F6CC2 /* Base.xcconfig */ = {isa = PBXFileReference; lastKnownFileType = text.xcconfig; name = Base.xcconfig; path = Configurations/Base.xcconfig; sourceTree = "<group>"; };
		2E8D3F0019881F29004F6CC2 /* LTRelay.h */ = {isa = PBXFileReference; lastKnownFileType = sourcecode.c.h; path = LTRelay.h; sourceTree = "<group>"; };
		2E8D3F0119881FD0004F6CC2 /* LTPipeRelay.m */ = {isa = PBXFileReference; fileEncoding = 4; lastKnownFileType = sourcecode.c.objc; path = LTPipeRelay.m; sourceTree = "<group>"; };
		2E8D3F0319881FE2004F6CC2 /* LTPipeRelay.h */ = {isa = PBXFileReference; lastKnownFileType = sourcecode.c.h; path = LTPipeRelay.h; sourceTree = "<group>"; };
		2E8D3F0419882406004F6CC2 /* LTRelayController.h */ = {isa = PBXFileReference; fileEncoding = 4; lastKnownFileType = sourcecode.c.h; path = LTRelayController.h; sourceTree = "<group>"; };
		2E8D3F0519882406004F6CC2 /* LTRelayController.m */ = {isa = PBXFileReference; fileEncoding = 4; lastKnownFileType = sourcecode.c.objc; path = LTRelayController.m; sourceTree = "<group>"; };
/* End PBXFileReference section */

/* Begin PBXFrameworksBuildPhase section */
		2E8D3EF119881D43004F6CC2 /* Frameworks */ = {
			isa = PBXFrameworksBuildPhase;
			buildActionMask = 2147483647;
			files = (
			);
			runOnlyForDeploymentPostprocessing = 0;
		};
/* End PBXFrameworksBuildPhase section */

/* Begin PBXGroup section */
		2E8D3EEB19881D43004F6CC2 = {
			isa = PBXGroup;
			children = (
				2E8D3EFF19881E25004F6CC2 /* Base.xcconfig */,
				2E8D3EFE19881E13004F6CC2 /* DebugRelease.xcconfig */,
				2E8D3EF619881D43004F6CC2 /* LayoutTestRelay */,
				2E8D3EF519881D43004F6CC2 /* Products */,
			);
			sourceTree = "<group>";
		};
		2E8D3EF519881D43004F6CC2 /* Products */ = {
			isa = PBXGroup;
			children = (
				2E8D3EF419881D43004F6CC2 /* LayoutTestRelay */,
			);
			name = Products;
			sourceTree = "<group>";
		};
		2E8D3EF619881D43004F6CC2 /* LayoutTestRelay */ = {
			isa = PBXGroup;
			children = (
				2E8D3EF719881D43004F6CC2 /* main.m */,
				2E8D3F0019881F29004F6CC2 /* LTRelay.h */,
				2E8D3F0119881FD0004F6CC2 /* LTPipeRelay.m */,
				2E8D3F0319881FE2004F6CC2 /* LTPipeRelay.h */,
				2E8D3F0419882406004F6CC2 /* LTRelayController.h */,
				2E8D3F0519882406004F6CC2 /* LTRelayController.m */,
			);
			path = LayoutTestRelay;
			sourceTree = "<group>";
		};
/* End PBXGroup section */

/* Begin PBXNativeTarget section */
		2E8D3EF319881D43004F6CC2 /* LayoutTestRelay */ = {
			isa = PBXNativeTarget;
			buildConfigurationList = 2E8D3EFB19881D43004F6CC2 /* Build configuration list for PBXNativeTarget "LayoutTestRelay" */;
			buildPhases = (
				2E8D3EF019881D43004F6CC2 /* Sources */,
				2E8D3EF119881D43004F6CC2 /* Frameworks */,
				2E8D3EF219881D43004F6CC2 /* CopyFiles */,
			);
			buildRules = (
			);
			dependencies = (
			);
			name = LayoutTestRelay;
			productName = LayoutTestRelay;
			productReference = 2E8D3EF419881D43004F6CC2 /* LayoutTestRelay */;
			productType = "com.apple.product-type.tool";
		};
/* End PBXNativeTarget section */

/* Begin PBXProject section */
		2E8D3EEC19881D43004F6CC2 /* Project object */ = {
			isa = PBXProject;
			attributes = {
				LastUpgradeCheck = 0600;
				ORGANIZATIONNAME = "Apple, Inc.";
				TargetAttributes = {
					2E8D3EF319881D43004F6CC2 = {
						CreatedOnToolsVersion = 6.0;
					};
				};
			};
			buildConfigurationList = 2E8D3EEF19881D43004F6CC2 /* Build configuration list for PBXProject "LayoutTestRelay" */;
			compatibilityVersion = "Xcode 3.2";
			developmentRegion = English;
			hasScannedForEncodings = 0;
			knownRegions = (
				en,
			);
			mainGroup = 2E8D3EEB19881D43004F6CC2;
			productRefGroup = 2E8D3EF519881D43004F6CC2 /* Products */;
			projectDirPath = "";
			projectRoot = "";
			targets = (
				2E8D3EF319881D43004F6CC2 /* LayoutTestRelay */,
			);
		};
/* End PBXProject section */

/* Begin PBXSourcesBuildPhase section */
		2E8D3EF019881D43004F6CC2 /* Sources */ = {
			isa = PBXSourcesBuildPhase;
			buildActionMask = 2147483647;
			files = (
				2E8D3F0619882406004F6CC2 /* LTRelayController.m in Sources */,
				2E8D3EF819881D43004F6CC2 /* main.m in Sources */,
				2E8D3F0219881FD0004F6CC2 /* LTPipeRelay.m in Sources */,
			);
			runOnlyForDeploymentPostprocessing = 0;
		};
/* End PBXSourcesBuildPhase section */

/* Begin XCBuildConfiguration section */
		2E8D3EF919881D43004F6CC2 /* Debug */ = {
			isa = XCBuildConfiguration;
			baseConfigurationReference = 2E8D3EFE19881E13004F6CC2 /* DebugRelease.xcconfig */;
			buildSettings = {
			};
			name = Debug;
		};
		2E8D3EFA19881D43004F6CC2 /* Release */ = {
			isa = XCBuildConfiguration;
			baseConfigurationReference = 2E8D3EFE19881E13004F6CC2 /* DebugRelease.xcconfig */;
			buildSettings = {
			};
			name = Release;
		};
		2E8D3EFC19881D43004F6CC2 /* Debug */ = {
			isa = XCBuildConfiguration;
			baseConfigurationReference = 2E8D3EFE19881E13004F6CC2 /* DebugRelease.xcconfig */;
			buildSettings = {
				PRODUCT_NAME = "$(TARGET_NAME)";
			};
			name = Debug;
		};
		2E8D3EFD19881D43004F6CC2 /* Release */ = {
			isa = XCBuildConfiguration;
			baseConfigurationReference = 2E8D3EFE19881E13004F6CC2 /* DebugRelease.xcconfig */;
			buildSettings = {
				PRODUCT_NAME = "$(TARGET_NAME)";
			};
			name = Release;
		};
/* End XCBuildConfiguration section */

/* Begin XCConfigurationList section */
		2E8D3EEF19881D43004F6CC2 /* Build configuration list for PBXProject "LayoutTestRelay" */ = {
			isa = XCConfigurationList;
			buildConfigurations = (
				2E8D3EF919881D43004F6CC2 /* Debug */,
				2E8D3EFA19881D43004F6CC2 /* Release */,
			);
			defaultConfigurationIsVisible = 0;
			defaultConfigurationName = Release;
		};
		2E8D3EFB19881D43004F6CC2 /* Build configuration list for PBXNativeTarget "LayoutTestRelay" */ = {
			isa = XCConfigurationList;
			buildConfigurations = (
				2E8D3EFC19881D43004F6CC2 /* Debug */,
				2E8D3EFD19881D43004F6CC2 /* Release */,
			);
			defaultConfigurationIsVisible = 0;
			defaultConfigurationName = Release;
		};
/* End XCConfigurationList section */
	};
	rootObject = 2E8D3EEC19881D43004F6CC2 /* Project object */;
}
