<?xml version="1.0" encoding="utf-8"?>
<Project ToolsVersion="4.0" xmlns="http://schemas.microsoft.com/developer/msbuild/2003">
  <ItemGroup>
    <Filter Include="Header Files">
      <UniqueIdentifier>{93995380-89BD-4b04-88EB-625FBE52EBFB}</UniqueIdentifier>
      <Extensions>h;hpp;hxx;hm;inl;inc;xsd</Extensions>
    </Filter>
    <Filter Include="WebCoreSupport">
      <UniqueIdentifier>{5faf576b-9d8f-43cb-96e3-155a00fba0d6}</UniqueIdentifier>
    </Filter>
    <Filter Include="Resources">
      <UniqueIdentifier>{7a40f11b-af3a-40b3-8c62-f7adf76d12c8}</UniqueIdentifier>
    </Filter>
    <Filter Include="Sources">
      <UniqueIdentifier>{0a3a0baa-eab1-4cb5-a90d-c40c2eb7d0f9}</UniqueIdentifier>
    </Filter>
    <Filter Include="Generated">
      <UniqueIdentifier>{1a00610c-29e3-4979-a7a2-ef6c92c4bb71}</UniqueIdentifier>
    </Filter>
  </ItemGroup>
  <ItemGroup>
    <ClCompile Include="..\..\win\WebCoreSupport\EmbeddedWidget.cpp">
      <Filter>WebCoreSupport</Filter>
    </ClCompile>
    <ClCompile Include="..\..\win\WebCoreSupport\WebChromeClient.cpp">
      <Filter>WebCoreSupport</Filter>
    </ClCompile>
    <ClCompile Include="..\..\win\WebCoreSupport\WebContextMenuClient.cpp">
      <Filter>WebCoreSupport</Filter>
    </ClCompile>
    <ClCompile Include="..\..\win\WebCoreSupport\WebDesktopNotificationsDelegate.cpp">
      <Filter>WebCoreSupport</Filter>
    </ClCompile>
    <ClCompile Include="..\..\win\WebCoreSupport\WebDragClient.cpp">
      <Filter>WebCoreSupport</Filter>
    </ClCompile>
    <ClCompile Include="..\..\win\WebCoreSupport\WebEditorClient.cpp">
      <Filter>WebCoreSupport</Filter>
    </ClCompile>
    <ClCompile Include="..\..\win\WebCoreSupport\WebFrameLoaderClient.cpp">
      <Filter>WebCoreSupport</Filter>
    </ClCompile>
    <ClCompile Include="..\..\win\WebCoreSupport\WebFrameNetworkingContext.cpp">
      <Filter>WebCoreSupport</Filter>
    </ClCompile>
    <ClCompile Include="..\..\win\WebCoreSupport\WebGeolocationClient.cpp">
      <Filter>WebCoreSupport</Filter>
    </ClCompile>
    <ClCompile Include="..\..\win\WebCoreSupport\WebInspectorClient.cpp">
      <Filter>WebCoreSupport</Filter>
    </ClCompile>
    <ClCompile Include="..\..\win\WebCoreSupport\WebInspectorDelegate.cpp">
      <Filter>WebCoreSupport</Filter>
    </ClCompile>
    <ClCompile Include="..\..\win\WebCoreSupport\WebPlatformStrategies.cpp">
      <Filter>WebCoreSupport</Filter>
    </ClCompile>
    <ClCompile Include="..\..\win\AccessibleBase.cpp">
      <Filter>Sources</Filter>
    </ClCompile>
    <ClCompile Include="..\..\win\AccessibleDocument.cpp">
      <Filter>Sources</Filter>
    </ClCompile>
    <ClCompile Include="..\..\win\AccessibleImage.cpp">
      <Filter>Sources</Filter>
    </ClCompile>
    <ClCompile Include="..\..\win\CFDictionaryPropertyBag.cpp">
      <Filter>Sources</Filter>
    </ClCompile>
    <ClCompile Include="..\..\win\DefaultDownloadDelegate.cpp">
      <Filter>Sources</Filter>
    </ClCompile>
    <ClCompile Include="..\..\win\DefaultPolicyDelegate.cpp">
      <Filter>Sources</Filter>
    </ClCompile>
    <ClCompile Include="..\..\win\DOMCoreClasses.cpp">
      <Filter>Sources</Filter>
    </ClCompile>
    <ClCompile Include="..\..\win\DOMCSSClasses.cpp">
      <Filter>Sources</Filter>
    </ClCompile>
    <ClCompile Include="..\..\win\DOMEventsClasses.cpp">
      <Filter>Sources</Filter>
    </ClCompile>
    <ClCompile Include="..\..\win\DOMHTMLClasses.cpp">
      <Filter>Sources</Filter>
    </ClCompile>
    <ClCompile Include="..\..\win\ForEachCoClass.cpp">
      <Filter>Sources</Filter>
    </ClCompile>
    <ClCompile Include="..\..\win\FullscreenVideoController.cpp">
      <Filter>Sources</Filter>
    </ClCompile>
    <ClCompile Include="..\..\win\MarshallingHelpers.cpp">
      <Filter>Sources</Filter>
    </ClCompile>
    <ClCompile Include="..\..\win\MemoryStream.cpp">
      <Filter>Sources</Filter>
    </ClCompile>
    <ClCompile Include="..\..\win\WebActionPropertyBag.cpp">
      <Filter>Sources</Filter>
    </ClCompile>
    <ClCompile Include="..\..\win\WebArchive.cpp">
      <Filter>Sources</Filter>
    </ClCompile>
    <ClCompile Include="..\..\win\WebBackForwardList.cpp">
      <Filter>Sources</Filter>
    </ClCompile>
    <ClCompile Include="..\..\win\WebCache.cpp">
      <Filter>Sources</Filter>
    </ClCompile>
    <ClCompile Include="..\..\win\WebCookieManager.cpp">
      <Filter>Sources</Filter>
    </ClCompile>
    <ClCompile Include="..\..\win\WebCookieManagerCFNet.cpp">
      <Filter>Sources</Filter>
    </ClCompile>
    <ClCompile Include="..\..\win\WebCookieManagerCurl.cpp">
      <Filter>Sources</Filter>
    </ClCompile>
    <ClCompile Include="..\..\win\WebCoreStatistics.cpp">
      <Filter>Sources</Filter>
    </ClCompile>
    <ClCompile Include="..\..\win\WebDatabaseManager.cpp">
      <Filter>Sources</Filter>
    </ClCompile>
    <ClCompile Include="..\..\win\WebDataSource.cpp">
      <Filter>Sources</Filter>
    </ClCompile>
    <ClCompile Include="..\..\win\WebDocumentLoader.cpp">
      <Filter>Sources</Filter>
    </ClCompile>
    <ClCompile Include="..\..\win\WebDownload.cpp">
      <Filter>Sources</Filter>
    </ClCompile>
    <ClCompile Include="..\..\win\WebDownloadCFNet.cpp">
      <Filter>Sources</Filter>
    </ClCompile>
    <ClCompile Include="..\..\win\WebDownloadCurl.cpp">
      <Filter>Sources</Filter>
    </ClCompile>
    <ClCompile Include="..\..\win\WebDropSource.cpp">
      <Filter>Sources</Filter>
    </ClCompile>
    <ClCompile Include="..\..\win\WebElementPropertyBag.cpp">
      <Filter>Sources</Filter>
    </ClCompile>
    <ClCompile Include="..\..\win\WebError.cpp">
      <Filter>Sources</Filter>
    </ClCompile>
    <ClCompile Include="..\..\win\WebFrame.cpp">
      <Filter>Sources</Filter>
    </ClCompile>
    <ClCompile Include="..\..\win\WebFramePolicyListener.cpp">
      <Filter>Sources</Filter>
    </ClCompile>
    <ClCompile Include="..\..\win\WebGeolocationPolicyListener.cpp">
      <Filter>Sources</Filter>
    </ClCompile>
    <ClCompile Include="..\..\win\WebGeolocationPosition.cpp">
      <Filter>Sources</Filter>
    </ClCompile>
    <ClCompile Include="..\..\win\WebHistory.cpp">
      <Filter>Sources</Filter>
    </ClCompile>
    <ClCompile Include="..\..\win\WebHistoryItem.cpp">
      <Filter>Sources</Filter>
    </ClCompile>
    <ClCompile Include="..\..\win\WebHTMLRepresentation.cpp">
      <Filter>Sources</Filter>
    </ClCompile>
    <ClCompile Include="..\..\win\WebIconDatabase.cpp">
      <Filter>Sources</Filter>
    </ClCompile>
    <ClCompile Include="..\..\win\WebInspector.cpp">
      <Filter>Sources</Filter>
    </ClCompile>
    <ClCompile Include="..\..\win\WebJavaScriptCollector.cpp">
      <Filter>Sources</Filter>
    </ClCompile>
    <ClCompile Include="..\..\win\WebKitClassFactory.cpp">
      <Filter>Sources</Filter>
    </ClCompile>
    <ClCompile Include="..\..\win\WebKitDLL.cpp">
      <Filter>Sources</Filter>
    </ClCompile>
    <ClCompile Include="..\..\win\WebKitLogging.cpp">
      <Filter>Sources</Filter>
    </ClCompile>
    <ClCompile Include="..\..\win\WebKitStatistics.cpp">
      <Filter>Sources</Filter>
    </ClCompile>
    <ClCompile Include="..\..\win\WebKitSystemBits.cpp">
      <Filter>Sources</Filter>
    </ClCompile>
    <ClCompile Include="..\..\win\WebMutableURLRequest.cpp">
      <Filter>Sources</Filter>
    </ClCompile>
    <ClCompile Include="..\..\win\WebNavigationData.cpp">
      <Filter>Sources</Filter>
    </ClCompile>
    <ClCompile Include="..\..\win\WebNodeHighlight.cpp">
      <Filter>Sources</Filter>
    </ClCompile>
    <ClCompile Include="..\..\win\WebNotification.cpp">
      <Filter>Sources</Filter>
    </ClCompile>
    <ClCompile Include="..\..\win\WebNotificationCenter.cpp">
      <Filter>Sources</Filter>
    </ClCompile>
    <ClCompile Include="..\..\win\WebPreferences.cpp">
      <Filter>Sources</Filter>
    </ClCompile>
    <ClCompile Include="..\..\win\WebResource.cpp">
      <Filter>Sources</Filter>
    </ClCompile>
    <ClCompile Include="..\..\win\WebScriptObject.cpp">
      <Filter>Sources</Filter>
    </ClCompile>
    <ClCompile Include="..\..\win\WebScriptWorld.cpp">
      <Filter>Sources</Filter>
    </ClCompile>
    <ClCompile Include="..\..\win\WebScrollBar.cpp">
      <Filter>Sources</Filter>
    </ClCompile>
    <ClCompile Include="..\..\win\WebSecurityOrigin.cpp">
      <Filter>Sources</Filter>
    </ClCompile>
    <ClCompile Include="..\..\win\WebSerializedJSValue.cpp">
      <Filter>Sources</Filter>
    </ClCompile>
    <ClCompile Include="..\..\win\WebTextRenderer.cpp">
      <Filter>Sources</Filter>
    </ClCompile>
    <ClCompile Include="..\..\win\WebURLAuthenticationChallenge.cpp">
      <Filter>Sources</Filter>
    </ClCompile>
    <ClCompile Include="..\..\win\WebURLAuthenticationChallengeSender.cpp">
      <Filter>Sources</Filter>
    </ClCompile>
    <ClCompile Include="..\..\win\WebURLAuthenticationChallengeSenderCFNet.cpp">
      <Filter>Sources</Filter>
    </ClCompile>
    <ClCompile Include="..\..\win\WebURLAuthenticationChallengeSenderCurl.cpp">
      <Filter>Sources</Filter>
    </ClCompile>
    <ClCompile Include="..\..\win\WebURLCredential.cpp">
      <Filter>Sources</Filter>
    </ClCompile>
    <ClCompile Include="..\..\win\WebURLProtectionSpace.cpp">
      <Filter>Sources</Filter>
    </ClCompile>
    <ClCompile Include="..\..\win\WebURLResponse.cpp">
      <Filter>Sources</Filter>
    </ClCompile>
    <ClCompile Include="..\..\win\WebUserContentURLPattern.cpp">
      <Filter>Sources</Filter>
    </ClCompile>
    <ClCompile Include="..\..\win\WebView.cpp">
      <Filter>Sources</Filter>
    </ClCompile>
    <ClCompile Include="..\..\win\WebWorkersPrivate.cpp">
      <Filter>Sources</Filter>
    </ClCompile>
    <ClCompile Include="..\..\win\WebLocalizableStrings.cpp">
      <Filter>Sources</Filter>
    </ClCompile>
    <ClCompile Include="..\..\win\WebKitCOMAPI.cpp">
      <Filter>Sources</Filter>
    </ClCompile>
    <ClCompile Include="..\..\win\WebKitGraphics.cpp">
      <Filter>Sources</Filter>
    </ClCompile>
    <ClCompile Include="..\..\win\WebKitPrefix.cpp" />
    <ClCompile Include="..\..\cf\WebCoreSupport\WebInspectorClientCF.cpp">
      <Filter>WebCoreSupport</Filter>
    </ClCompile>
    <ClCompile Include="..\..\win\AccessibleTextImpl.cpp">
      <Filter>Sources</Filter>
    </ClCompile>
  </ItemGroup>
  <ItemGroup>
    <ClInclude Include="..\..\win\WebCoreSupport\EmbeddedWidget.h">
      <Filter>WebCoreSupport</Filter>
    </ClInclude>
    <ClInclude Include="..\..\win\WebCoreSupport\WebChromeClient.h">
      <Filter>WebCoreSupport</Filter>
    </ClInclude>
    <ClInclude Include="..\..\win\WebCoreSupport\WebContextMenuClient.h">
      <Filter>WebCoreSupport</Filter>
    </ClInclude>
    <ClInclude Include="..\..\win\WebCoreSupport\WebDesktopNotificationsDelegate.h">
      <Filter>WebCoreSupport</Filter>
    </ClInclude>
    <ClInclude Include="..\..\win\WebCoreSupport\WebDragClient.h">
      <Filter>WebCoreSupport</Filter>
    </ClInclude>
    <ClInclude Include="..\..\win\WebCoreSupport\WebEditorClient.h">
      <Filter>WebCoreSupport</Filter>
    </ClInclude>
    <ClInclude Include="..\..\win\WebCoreSupport\WebFrameLoaderClient.h">
      <Filter>WebCoreSupport</Filter>
    </ClInclude>
    <ClInclude Include="..\..\win\WebCoreSupport\WebFrameNetworkingContext.h">
      <Filter>WebCoreSupport</Filter>
    </ClInclude>
    <ClInclude Include="..\..\win\WebCoreSupport\WebGeolocationClient.h">
      <Filter>WebCoreSupport</Filter>
    </ClInclude>
    <ClInclude Include="..\..\win\WebCoreSupport\WebInspectorClient.h">
      <Filter>WebCoreSupport</Filter>
    </ClInclude>
    <ClInclude Include="..\..\win\WebCoreSupport\WebInspectorDelegate.h">
      <Filter>WebCoreSupport</Filter>
    </ClInclude>
    <ClInclude Include="..\..\win\WebCoreSupport\WebPlatformStrategies.h">
      <Filter>WebCoreSupport</Filter>
    </ClInclude>
    <ClInclude Include="..\..\win\AccessibleBase.h">
      <Filter>Header Files</Filter>
    </ClInclude>
    <ClInclude Include="..\..\win\AccessibleDocument.h">
      <Filter>Header Files</Filter>
    </ClInclude>
    <ClInclude Include="..\..\win\AccessibleImage.h">
      <Filter>Header Files</Filter>
    </ClInclude>
    <ClInclude Include="..\..\win\CFDictionaryPropertyBag.h">
      <Filter>Header Files</Filter>
    </ClInclude>
    <ClInclude Include="..\..\win\CodeAnalysisConfig.h">
      <Filter>Header Files</Filter>
    </ClInclude>
    <ClInclude Include="..\..\win\COMEnumVariant.h">
      <Filter>Header Files</Filter>
    </ClInclude>
    <ClInclude Include="..\..\win\COMPropertyBag.h">
      <Filter>Header Files</Filter>
    </ClInclude>
    <ClInclude Include="..\..\win\COMVariantSetter.h">
      <Filter>Header Files</Filter>
    </ClInclude>
    <ClInclude Include="..\..\win\DefaultDownloadDelegate.h">
      <Filter>Header Files</Filter>
    </ClInclude>
    <ClInclude Include="..\..\win\DefaultPolicyDelegate.h">
      <Filter>Header Files</Filter>
    </ClInclude>
    <ClInclude Include="..\..\win\DOMCoreClasses.h">
      <Filter>Header Files</Filter>
    </ClInclude>
    <ClInclude Include="..\..\win\DOMCSSClasses.h">
      <Filter>Header Files</Filter>
    </ClInclude>
    <ClInclude Include="..\..\win\DOMEventsClasses.h">
      <Filter>Header Files</Filter>
    </ClInclude>
    <ClInclude Include="..\..\win\DOMHTMLClasses.h">
      <Filter>Header Files</Filter>
    </ClInclude>
    <ClInclude Include="..\..\win\ForEachCoClass.h">
      <Filter>Header Files</Filter>
    </ClInclude>
    <ClInclude Include="..\..\win\FullscreenVideoController.h">
      <Filter>Header Files</Filter>
    </ClInclude>
    <ClInclude Include="..\..\win\MarshallingHelpers.h">
      <Filter>Header Files</Filter>
    </ClInclude>
    <ClInclude Include="..\..\win\MemoryStream.h">
      <Filter>Header Files</Filter>
    </ClInclude>
    <ClInclude Include="..\..\win\ProgIDMacros.h">
      <Filter>Header Files</Filter>
    </ClInclude>
    <ClInclude Include="..\..\win\WebActionPropertyBag.h">
      <Filter>Header Files</Filter>
    </ClInclude>
    <ClInclude Include="..\..\win\WebArchive.h">
      <Filter>Header Files</Filter>
    </ClInclude>
    <ClInclude Include="..\..\win\WebBackForwardList.h">
      <Filter>Header Files</Filter>
    </ClInclude>
    <ClInclude Include="..\..\win\WebCache.h">
      <Filter>Header Files</Filter>
    </ClInclude>
    <ClInclude Include="..\..\win\WebCachedFramePlatformData.h">
      <Filter>Header Files</Filter>
    </ClInclude>
    <ClInclude Include="..\..\win\WebCookieManager.h">
      <Filter>Header Files</Filter>
    </ClInclude>
    <ClInclude Include="..\..\win\WebCoreStatistics.h">
      <Filter>Header Files</Filter>
    </ClInclude>
    <ClInclude Include="..\..\win\WebDatabaseManager.h">
      <Filter>Header Files</Filter>
    </ClInclude>
    <ClInclude Include="..\..\win\WebDataSource.h">
      <Filter>Header Files</Filter>
    </ClInclude>
    <ClInclude Include="..\..\win\WebDocumentLoader.h">
      <Filter>Header Files</Filter>
    </ClInclude>
    <ClInclude Include="..\..\win\WebDownload.h">
      <Filter>Header Files</Filter>
    </ClInclude>
    <ClInclude Include="..\..\win\WebDropSource.h">
      <Filter>Header Files</Filter>
    </ClInclude>
    <ClInclude Include="..\..\win\WebElementPropertyBag.h">
      <Filter>Header Files</Filter>
    </ClInclude>
    <ClInclude Include="..\..\win\WebError.h">
      <Filter>Header Files</Filter>
    </ClInclude>
    <ClInclude Include="..\..\win\WebFrame.h">
      <Filter>Header Files</Filter>
    </ClInclude>
    <ClInclude Include="..\..\win\WebFramePolicyListener.h">
      <Filter>Header Files</Filter>
    </ClInclude>
    <ClInclude Include="..\..\win\WebGeolocationPolicyListener.h">
      <Filter>Header Files</Filter>
    </ClInclude>
    <ClInclude Include="..\..\win\WebGeolocationPosition.h">
      <Filter>Header Files</Filter>
    </ClInclude>
    <ClInclude Include="..\..\win\WebHistory.h">
      <Filter>Header Files</Filter>
    </ClInclude>
    <ClInclude Include="..\..\win\WebHistoryItem.h">
      <Filter>Header Files</Filter>
    </ClInclude>
    <ClInclude Include="..\..\win\WebHTMLRepresentation.h">
      <Filter>Header Files</Filter>
    </ClInclude>
    <ClInclude Include="..\..\win\WebIconDatabase.h">
      <Filter>Header Files</Filter>
    </ClInclude>
    <ClInclude Include="..\..\win\WebInspector.h">
      <Filter>Header Files</Filter>
    </ClInclude>
    <ClInclude Include="..\..\win\WebJavaScriptCollector.h">
      <Filter>Header Files</Filter>
    </ClInclude>
    <ClInclude Include="..\..\win\WebKitClassFactory.h">
      <Filter>Header Files</Filter>
    </ClInclude>
    <ClInclude Include="..\..\win\WebKitCOMAPI.h">
      <Filter>Header Files</Filter>
    </ClInclude>
    <ClInclude Include="..\..\win\WebKitDLL.h">
      <Filter>Header Files</Filter>
    </ClInclude>
    <ClInclude Include="..\..\win\WebKitGraphics.h">
      <Filter>Header Files</Filter>
    </ClInclude>
    <ClInclude Include="..\..\win\WebKitLogging.h">
      <Filter>Header Files</Filter>
    </ClInclude>
    <ClInclude Include="..\..\win\WebKitStatistics.h">
      <Filter>Header Files</Filter>
    </ClInclude>
    <ClInclude Include="..\..\win\WebKitStatisticsPrivate.h">
      <Filter>Header Files</Filter>
    </ClInclude>
    <ClInclude Include="..\..\win\WebKitSystemBits.h">
      <Filter>Header Files</Filter>
    </ClInclude>
    <ClInclude Include="..\..\win\WebLocalizableStrings.h">
      <Filter>Header Files</Filter>
    </ClInclude>
    <ClInclude Include="..\..\win\WebMutableURLRequest.h">
      <Filter>Header Files</Filter>
    </ClInclude>
    <ClInclude Include="..\..\win\WebNavigationData.h">
      <Filter>Header Files</Filter>
    </ClInclude>
    <ClInclude Include="..\..\win\WebNodeHighlight.h">
      <Filter>Header Files</Filter>
    </ClInclude>
    <ClInclude Include="..\..\win\WebNotification.h">
      <Filter>Header Files</Filter>
    </ClInclude>
    <ClInclude Include="..\..\win\WebNotificationCenter.h">
      <Filter>Header Files</Filter>
    </ClInclude>
    <ClInclude Include="..\..\win\WebPreferenceKeysPrivate.h">
      <Filter>Header Files</Filter>
    </ClInclude>
    <ClInclude Include="..\..\win\WebPreferences.h">
      <Filter>Header Files</Filter>
    </ClInclude>
    <ClInclude Include="..\..\win\WebResource.h">
      <Filter>Header Files</Filter>
    </ClInclude>
    <ClInclude Include="..\..\win\WebScriptObject.h">
      <Filter>Header Files</Filter>
    </ClInclude>
    <ClInclude Include="..\..\win\WebScriptWorld.h">
      <Filter>Header Files</Filter>
    </ClInclude>
    <ClInclude Include="..\..\win\WebScrollBar.h">
      <Filter>Header Files</Filter>
    </ClInclude>
    <ClInclude Include="..\..\win\WebSecurityOrigin.h">
      <Filter>Header Files</Filter>
    </ClInclude>
    <ClInclude Include="..\..\win\WebSerializedJSValue.h">
      <Filter>Header Files</Filter>
    </ClInclude>
    <ClInclude Include="..\..\win\WebTextRenderer.h">
      <Filter>Header Files</Filter>
    </ClInclude>
    <ClInclude Include="..\..\win\WebURLAuthenticationChallenge.h">
      <Filter>Header Files</Filter>
    </ClInclude>
    <ClInclude Include="..\..\win\WebURLAuthenticationChallengeSender.h">
      <Filter>Header Files</Filter>
    </ClInclude>
    <ClInclude Include="..\..\win\WebURLCredential.h">
      <Filter>Header Files</Filter>
    </ClInclude>
    <ClInclude Include="..\..\win\WebURLProtectionSpace.h">
      <Filter>Header Files</Filter>
    </ClInclude>
    <ClInclude Include="..\..\win\WebURLResponse.h">
      <Filter>Header Files</Filter>
    </ClInclude>
    <ClInclude Include="..\..\win\WebUserContentURLPattern.h">
      <Filter>Header Files</Filter>
    </ClInclude>
    <ClInclude Include="..\..\win\WebView.h">
      <Filter>Header Files</Filter>
    </ClInclude>
    <ClInclude Include="..\..\win\WebWorkersPrivate.h">
      <Filter>Header Files</Filter>
    </ClInclude>
    <ClInclude Include="..\..\win\WebKitPrefix.h" />
    <ClInclude Include="..\..\win\AccessibleTextImpl.h">
      <Filter>Header Files</Filter>
    </ClInclude>
  </ItemGroup>
  <ItemGroup>
    <None Include="WebKitPostBuild.cmd" />
    <None Include="WebKitPreBuild.cmd" />
    <None Include="WebKitPreLink.cmd" />
    <None Include="..\..\win\WebKit.resources\deleteButton.png">
      <Filter>Resources</Filter>
    </None>
    <None Include="..\..\win\WebKit.resources\deleteButtonPressed.png">
      <Filter>Resources</Filter>
    </None>
    <None Include="..\..\win\WebKit.resources\fsVideoAudioVolumeHigh.png">
      <Filter>Resources</Filter>
    </None>
    <None Include="..\..\win\WebKit.resources\fsVideoAudioVolumeLow.png">
      <Filter>Resources</Filter>
    </None>
    <None Include="..\..\win\WebKit.resources\fsVideoExitFullscreen.png">
      <Filter>Resources</Filter>
    </None>
    <None Include="..\..\win\WebKit.resources\fsVideoPause.png">
      <Filter>Resources</Filter>
    </None>
    <None Include="..\..\win\WebKit.resources\fsVideoPlay.png">
      <Filter>Resources</Filter>
    </None>
    <None Include="..\..\win\WebKit.resources\missingImage.png">
      <Filter>Resources</Filter>
    </None>
    <None Include="..\..\win\WebKit.resources\nullplugin.png">
      <Filter>Resources</Filter>
    </None>
    <None Include="..\..\win\WebKit.resources\panEastCursor.png">
      <Filter>Resources</Filter>
    </None>
    <None Include="..\..\win\WebKit.resources\panIcon.png">
      <Filter>Resources</Filter>
    </None>
    <None Include="..\..\win\WebKit.resources\panNorthCursor.png">
      <Filter>Resources</Filter>
    </None>
    <None Include="..\..\win\WebKit.resources\panNorthEastCursor.png">
      <Filter>Resources</Filter>
    </None>
    <None Include="..\..\win\WebKit.resources\panNorthWestCursor.png">
      <Filter>Resources</Filter>
    </None>
    <None Include="..\..\win\WebKit.resources\panSouthCursor.png">
      <Filter>Resources</Filter>
    </None>
    <None Include="..\..\win\WebKit.resources\panSouthEastCursor.png">
      <Filter>Resources</Filter>
    </None>
    <None Include="..\..\win\WebKit.resources\panSouthWestCursor.png">
      <Filter>Resources</Filter>
    </None>
    <None Include="..\..\win\WebKit.resources\panWestCursor.png">
      <Filter>Resources</Filter>
    </None>
    <None Include="..\..\win\WebKit.resources\searchCancel.png">
      <Filter>Resources</Filter>
    </None>
    <None Include="..\..\win\WebKit.resources\searchCancelPressed.png">
      <Filter>Resources</Filter>
    </None>
    <None Include="..\..\win\WebKit.resources\searchMagnifier.png">
      <Filter>Resources</Filter>
    </None>
    <None Include="..\..\win\WebKit.resources\searchMagnifierResults.png">
      <Filter>Resources</Filter>
    </None>
    <None Include="..\..\win\WebKit.resources\textAreaResizeCorner.png">
      <Filter>Resources</Filter>
    </None>
    <None Include="..\..\win\WebKit.resources\verticalTextCursor.png">
      <Filter>Resources</Filter>
    </None>
    <None Include="..\..\win\WebKit.resources\zoomInCursor.png">
      <Filter>Resources</Filter>
    </None>
    <None Include="..\..\win\WebKit.resources\zoomOutCursor.png">
      <Filter>Resources</Filter>
    </None>
    <None Include="$(ConfigurationBuildDir)\obj$(PlatformArchitecture)\WebKitExportGenerator\WebKitExports.def">
      <Filter>Generated</Filter>
    </None>
  </ItemGroup>
  <ItemGroup>
    <ResourceCompile Include="..\..\win\WebKit.resources\WebKit.rc">
      <Filter>Resources</Filter>
    </ResourceCompile>
  </ItemGroup>
</Project>